// !$*UTF8*$!
{
	archiveVersion = 1;
	classes = {
	};
	objectVersion = 46;
	objects = {

/* Begin PBXBuildFile section */
		C99DAA4E1334346500221DE0 /* Cocoa.framework in Frameworks */ = {isa = PBXBuildFile; fileRef = C99DAA4D1334346500221DE0 /* Cocoa.framework */; };
		C99DAA581334346500221DE0 /* InfoPlist.strings in Resources */ = {isa = PBXBuildFile; fileRef = C99DAA561334346500221DE0 /* InfoPlist.strings */; };
		C99DAA651334347900221DE0 /* Cocoa.framework in Frameworks */ = {isa = PBXBuildFile; fileRef = C99DAA4D1334346500221DE0 /* Cocoa.framework */; };
		C99DAA6B1334347900221DE0 /* InfoPlist.strings in Resources */ = {isa = PBXBuildFile; fileRef = C99DAA691334347900221DE0 /* InfoPlist.strings */; };
		C99DAA6E1334347900221DE0 /* main.m in Sources */ = {isa = PBXBuildFile; fileRef = C99DAA6D1334347900221DE0 /* main.m */; };
		C99DAA711334347900221DE0 /* Credits.rtf in Resources */ = {isa = PBXBuildFile; fileRef = C99DAA6F1334347900221DE0 /* Credits.rtf */; };
		C99DAA741334347900221DE0 /* DarkmatterDemoAppDelegate.m in Sources */ = {isa = PBXBuildFile; fileRef = C99DAA731334347900221DE0 /* DarkmatterDemoAppDelegate.m */; };
		C99DAA771334347900221DE0 /* MainMenu.xib in Resources */ = {isa = PBXBuildFile; fileRef = C99DAA751334347900221DE0 /* MainMenu.xib */; };
/* End PBXBuildFile section */

/* Begin PBXFileReference section */
		C99DAA4A1334346500221DE0 /* Darkmatter.framework */ = {isa = PBXFileReference; explicitFileType = wrapper.framework; includeInIndex = 0; path = Darkmatter.framework; sourceTree = BUILT_PRODUCTS_DIR; };
		C99DAA4D1334346500221DE0 /* Cocoa.framework */ = {isa = PBXFileReference; lastKnownFileType = wrapper.framework; name = Cocoa.framework; path = System/Library/Frameworks/Cocoa.framework; sourceTree = SDKROOT; };
		C99DAA501334346500221DE0 /* AppKit.framework */ = {isa = PBXFileReference; lastKnownFileType = wrapper.framework; name = AppKit.framework; path = System/Library/Frameworks/AppKit.framework; sourceTree = SDKROOT; };
		C99DAA511334346500221DE0 /* CoreData.framework */ = {isa = PBXFileReference; lastKnownFileType = wrapper.framework; name = CoreData.framework; path = System/Library/Frameworks/CoreData.framework; sourceTree = SDKROOT; };
		C99DAA521334346500221DE0 /* Foundation.framework */ = {isa = PBXFileReference; lastKnownFileType = wrapper.framework; name = Foundation.framework; path = System/Library/Frameworks/Foundation.framework; sourceTree = SDKROOT; };
		C99DAA551334346500221DE0 /* Darkmatter-Info.plist */ = {isa = PBXFileReference; lastKnownFileType = text.plist.xml; path = "Darkmatter-Info.plist"; sourceTree = "<group>"; };
		C99DAA571334346500221DE0 /* en */ = {isa = PBXFileReference; lastKnownFileType = text.plist.strings; name = en; path = en.lproj/InfoPlist.strings; sourceTree = "<group>"; };
		C99DAA591334346500221DE0 /* Darkmatter-Prefix.pch */ = {isa = PBXFileReference; lastKnownFileType = sourcecode.c.h; path = "Darkmatter-Prefix.pch"; sourceTree = "<group>"; };
		C99DAA631334347900221DE0 /* DarkmatterDemo.app */ = {isa = PBXFileReference; explicitFileType = wrapper.application; includeInIndex = 0; path = DarkmatterDemo.app; sourceTree = BUILT_PRODUCTS_DIR; };
		C99DAA681334347900221DE0 /* DarkmatterDemo-Info.plist */ = {isa = PBXFileReference; lastKnownFileType = text.plist.xml; path = "DarkmatterDemo-Info.plist"; sourceTree = "<group>"; };
		C99DAA6A1334347900221DE0 /* en */ = {isa = PBXFileReference; lastKnownFileType = text.plist.strings; name = en; path = en.lproj/InfoPlist.strings; sourceTree = "<group>"; };
		C99DAA6C1334347900221DE0 /* DarkmatterDemo-Prefix.pch */ = {isa = PBXFileReference; lastKnownFileType = sourcecode.c.h; path = "DarkmatterDemo-Prefix.pch"; sourceTree = "<group>"; };
		C99DAA6D1334347900221DE0 /* main.m */ = {isa = PBXFileReference; lastKnownFileType = sourcecode.c.objc; path = main.m; sourceTree = "<group>"; };
		C99DAA701334347900221DE0 /* en */ = {isa = PBXFileReference; lastKnownFileType = text.rtf; name = en; path = en.lproj/Credits.rtf; sourceTree = "<group>"; };
		C99DAA721334347900221DE0 /* DarkmatterDemoAppDelegate.h */ = {isa = PBXFileReference; lastKnownFileType = sourcecode.c.h; path = DarkmatterDemoAppDelegate.h; sourceTree = "<group>"; };
		C99DAA731334347900221DE0 /* DarkmatterDemoAppDelegate.m */ = {isa = PBXFileReference; lastKnownFileType = sourcecode.c.objc; path = DarkmatterDemoAppDelegate.m; sourceTree = "<group>"; };
		C99DAA761334347900221DE0 /* en */ = {isa = PBXFileReference; lastKnownFileType = file.xib; name = en; path = en.lproj/MainMenu.xib; sourceTree = "<group>"; };
/* End PBXFileReference section */

/* Begin PBXFrameworksBuildPhase section */
		C99DAA461334346500221DE0 /* Frameworks */ = {
			isa = PBXFrameworksBuildPhase;
			buildActionMask = 2147483647;
			files = (
				C99DAA4E1334346500221DE0 /* Cocoa.framework in Frameworks */,
			);
			runOnlyForDeploymentPostprocessing = 0;
		};
		C99DAA601334347900221DE0 /* Frameworks */ = {
			isa = PBXFrameworksBuildPhase;
			buildActionMask = 2147483647;
			files = (
				C99DAA651334347900221DE0 /* Cocoa.framework in Frameworks */,
			);
			runOnlyForDeploymentPostprocessing = 0;
		};
/* End PBXFrameworksBuildPhase section */

/* Begin PBXGroup section */
		C99DAA3E1334346500221DE0 = {
			isa = PBXGroup;
			children = (
				C99DAA531334346500221DE0 /* Darkmatter */,
				C99DAA661334347900221DE0 /* DarkmatterDemo */,
				C99DAA4C1334346500221DE0 /* Frameworks */,
				C99DAA4B1334346500221DE0 /* Products */,
			);
			sourceTree = "<group>";
		};
		C99DAA4B1334346500221DE0 /* Products */ = {
			isa = PBXGroup;
			children = (
				C99DAA4A1334346500221DE0 /* Darkmatter.framework */,
				C99DAA631334347900221DE0 /* DarkmatterDemo.app */,
			);
			name = Products;
			sourceTree = "<group>";
		};
		C99DAA4C1334346500221DE0 /* Frameworks */ = {
			isa = PBXGroup;
			children = (
				C99DAA4D1334346500221DE0 /* Cocoa.framework */,
				C99DAA4F1334346500221DE0 /* Other Frameworks */,
			);
			name = Frameworks;
			sourceTree = "<group>";
		};
		C99DAA4F1334346500221DE0 /* Other Frameworks */ = {
			isa = PBXGroup;
			children = (
				C99DAA501334346500221DE0 /* AppKit.framework */,
				C99DAA511334346500221DE0 /* CoreData.framework */,
				C99DAA521334346500221DE0 /* Foundation.framework */,
			);
			name = "Other Frameworks";
			sourceTree = "<group>";
		};
		C99DAA531334346500221DE0 /* Darkmatter */ = {
			isa = PBXGroup;
			children = (
				C99DAA541334346500221DE0 /* Supporting Files */,
			);
			path = Darkmatter;
			sourceTree = "<group>";
		};
		C99DAA541334346500221DE0 /* Supporting Files */ = {
			isa = PBXGroup;
			children = (
				C99DAA551334346500221DE0 /* Darkmatter-Info.plist */,
				C99DAA561334346500221DE0 /* InfoPlist.strings */,
				C99DAA591334346500221DE0 /* Darkmatter-Prefix.pch */,
			);
			name = "Supporting Files";
			sourceTree = "<group>";
		};
		C99DAA661334347900221DE0 /* DarkmatterDemo */ = {
			isa = PBXGroup;
			children = (
				C99DAA721334347900221DE0 /* DarkmatterDemoAppDelegate.h */,
				C99DAA731334347900221DE0 /* DarkmatterDemoAppDelegate.m */,
				C99DAA751334347900221DE0 /* MainMenu.xib */,
				C99DAA671334347900221DE0 /* Supporting Files */,
			);
			path = DarkmatterDemo;
			sourceTree = "<group>";
		};
		C99DAA671334347900221DE0 /* Supporting Files */ = {
			isa = PBXGroup;
			children = (
				C99DAA681334347900221DE0 /* DarkmatterDemo-Info.plist */,
				C99DAA691334347900221DE0 /* InfoPlist.strings */,
				C99DAA6C1334347900221DE0 /* DarkmatterDemo-Prefix.pch */,
				C99DAA6D1334347900221DE0 /* main.m */,
				C99DAA6F1334347900221DE0 /* Credits.rtf */,
			);
			name = "Supporting Files";
			sourceTree = "<group>";
		};
/* End PBXGroup section */

/* Begin PBXHeadersBuildPhase section */
		C99DAA471334346500221DE0 /* Headers */ = {
			isa = PBXHeadersBuildPhase;
			buildActionMask = 2147483647;
			files = (
			);
			runOnlyForDeploymentPostprocessing = 0;
		};
/* End PBXHeadersBuildPhase section */

/* Begin PBXNativeTarget section */
		C99DAA491334346500221DE0 /* Darkmatter */ = {
			isa = PBXNativeTarget;
			buildConfigurationList = C99DAA5C1334346500221DE0 /* Build configuration list for PBXNativeTarget "Darkmatter" */;
			buildPhases = (
				C99DAA451334346500221DE0 /* Sources */,
				C99DAA461334346500221DE0 /* Frameworks */,
				C99DAA471334346500221DE0 /* Headers */,
				C99DAA481334346500221DE0 /* Resources */,
			);
			buildRules = (
			);
			dependencies = (
			);
			name = Darkmatter;
			productName = Darkmatter;
			productReference = C99DAA4A1334346500221DE0 /* Darkmatter.framework */;
			productType = "com.apple.product-type.framework";
		};
		C99DAA621334347900221DE0 /* DarkmatterDemo */ = {
			isa = PBXNativeTarget;
			buildConfigurationList = C99DAA781334347900221DE0 /* Build configuration list for PBXNativeTarget "DarkmatterDemo" */;
			buildPhases = (
				C99DAA5F1334347900221DE0 /* Sources */,
				C99DAA601334347900221DE0 /* Frameworks */,
				C99DAA611334347900221DE0 /* Resources */,
			);
			buildRules = (
			);
			dependencies = (
			);
			name = DarkmatterDemo;
			productName = DarkmatterDemo;
			productReference = C99DAA631334347900221DE0 /* DarkmatterDemo.app */;
			productType = "com.apple.product-type.application";
		};
/* End PBXNativeTarget section */

/* Begin PBXProject section */
		C99DAA401334346500221DE0 /* Project object */ = {
			isa = PBXProject;
			attributes = {
				ORGANIZATIONNAME = "Matt Rubin";
			};
			buildConfigurationList = C99DAA431334346500221DE0 /* Build configuration list for PBXProject "Darkmatter" */;
			compatibilityVersion = "Xcode 3.2";
			developmentRegion = English;
			hasScannedForEncodings = 0;
			knownRegions = (
				en,
			);
			mainGroup = C99DAA3E1334346500221DE0;
			productRefGroup = C99DAA4B1334346500221DE0 /* Products */;
			projectDirPath = "";
			projectRoot = "";
			targets = (
				C99DAA491334346500221DE0 /* Darkmatter */,
				C99DAA621334347900221DE0 /* DarkmatterDemo */,
			);
		};
/* End PBXProject section */

/* Begin PBXResourcesBuildPhase section */
		C99DAA481334346500221DE0 /* Resources */ = {
			isa = PBXResourcesBuildPhase;
			buildActionMask = 2147483647;
			files = (
				C99DAA581334346500221DE0 /* InfoPlist.strings in Resources */,
			);
			runOnlyForDeploymentPostprocessing = 0;
		};
		C99DAA611334347900221DE0 /* Resources */ = {
			isa = PBXResourcesBuildPhase;
			buildActionMask = 2147483647;
			files = (
				C99DAA6B1334347900221DE0 /* InfoPlist.strings in Resources */,
				C99DAA711334347900221DE0 /* Credits.rtf in Resources */,
				C99DAA771334347900221DE0 /* MainMenu.xib in Resources */,
			);
			runOnlyForDeploymentPostprocessing = 0;
		};
/* End PBXResourcesBuildPhase section */

/* Begin PBXSourcesBuildPhase section */
		C99DAA451334346500221DE0 /* Sources */ = {
			isa = PBXSourcesBuildPhase;
			buildActionMask = 2147483647;
			files = (
			);
			runOnlyForDeploymentPostprocessing = 0;
		};
		C99DAA5F1334347900221DE0 /* Sources */ = {
			isa = PBXSourcesBuildPhase;
			buildActionMask = 2147483647;
			files = (
				C99DAA6E1334347900221DE0 /* main.m in Sources */,
				C99DAA741334347900221DE0 /* DarkmatterDemoAppDelegate.m in Sources */,
			);
			runOnlyForDeploymentPostprocessing = 0;
		};
/* End PBXSourcesBuildPhase section */

/* Begin PBXVariantGroup section */
		C99DAA561334346500221DE0 /* InfoPlist.strings */ = {
			isa = PBXVariantGroup;
			children = (
				C99DAA571334346500221DE0 /* en */,
			);
			name = InfoPlist.strings;
			sourceTree = "<group>";
		};
		C99DAA691334347900221DE0 /* InfoPlist.strings */ = {
			isa = PBXVariantGroup;
			children = (
				C99DAA6A1334347900221DE0 /* en */,
			);
			name = InfoPlist.strings;
			sourceTree = "<group>";
		};
		C99DAA6F1334347900221DE0 /* Credits.rtf */ = {
			isa = PBXVariantGroup;
			children = (
				C99DAA701334347900221DE0 /* en */,
			);
			name = Credits.rtf;
			sourceTree = "<group>";
		};
		C99DAA751334347900221DE0 /* MainMenu.xib */ = {
			isa = PBXVariantGroup;
			children = (
				C99DAA761334347900221DE0 /* en */,
			);
			name = MainMenu.xib;
			sourceTree = "<group>";
		};
/* End PBXVariantGroup section */

/* Begin XCBuildConfiguration section */
		C99DAA5A1334346500221DE0 /* Debug */ = {
			isa = XCBuildConfiguration;
			buildSettings = {
				ARCHS = "$(ARCHS_STANDARD_32_64_BIT)";
				GCC_C_LANGUAGE_STANDARD = gnu99;
				GCC_OPTIMIZATION_LEVEL = 0;
				GCC_PREPROCESSOR_DEFINITIONS = DEBUG;
				GCC_VERSION = com.apple.compilers.llvm.clang.1_0;
				GCC_WARN_64_TO_32_BIT_CONVERSION = YES;
				GCC_WARN_ABOUT_RETURN_TYPE = YES;
				GCC_WARN_UNUSED_VARIABLE = YES;
				MACOSX_DEPLOYMENT_TARGET = 10.6;
				ONLY_ACTIVE_ARCH = YES;
				SDKROOT = macosx;
			};
			name = Debug;
		};
		C99DAA5B1334346500221DE0 /* Release */ = {
			isa = XCBuildConfiguration;
			buildSettings = {
				ARCHS = "$(ARCHS_STANDARD_32_64_BIT)";
				GCC_C_LANGUAGE_STANDARD = gnu99;
				GCC_VERSION = com.apple.compilers.llvm.clang.1_0;
				GCC_WARN_64_TO_32_BIT_CONVERSION = YES;
				GCC_WARN_ABOUT_RETURN_TYPE = YES;
				GCC_WARN_UNUSED_VARIABLE = YES;
				MACOSX_DEPLOYMENT_TARGET = 10.6;
				SDKROOT = macosx;
			};
			name = Release;
		};
		C99DAA5D1334346500221DE0 /* Debug */ = {
			isa = XCBuildConfiguration;
			buildSettings = {
				ALWAYS_SEARCH_USER_PATHS = NO;
				COPY_PHASE_STRIP = NO;
				DYLIB_COMPATIBILITY_VERSION = 1;
				DYLIB_CURRENT_VERSION = 1;
				FRAMEWORK_VERSION = A;
				GCC_DYNAMIC_NO_PIC = NO;
				GCC_ENABLE_OBJC_EXCEPTIONS = YES;
				GCC_PRECOMPILE_PREFIX_HEADER = YES;
				GCC_PREFIX_HEADER = "Darkmatter/Darkmatter-Prefix.pch";
				INFOPLIST_FILE = "Darkmatter/Darkmatter-Info.plist";
				PRODUCT_NAME = "$(TARGET_NAME)";
				WRAPPER_EXTENSION = framework;
			};
			name = Debug;
		};
		C99DAA5E1334346500221DE0 /* Release */ = {
			isa = XCBuildConfiguration;
			buildSettings = {
				ALWAYS_SEARCH_USER_PATHS = NO;
				COPY_PHASE_STRIP = YES;
				DEBUG_INFORMATION_FORMAT = "dwarf-with-dsym";
				DYLIB_COMPATIBILITY_VERSION = 1;
				DYLIB_CURRENT_VERSION = 1;
				FRAMEWORK_VERSION = A;
				GCC_ENABLE_OBJC_EXCEPTIONS = YES;
				GCC_PRECOMPILE_PREFIX_HEADER = YES;
				GCC_PREFIX_HEADER = "Darkmatter/Darkmatter-Prefix.pch";
				INFOPLIST_FILE = "Darkmatter/Darkmatter-Info.plist";
				PRODUCT_NAME = "$(TARGET_NAME)";
				WRAPPER_EXTENSION = framework;
			};
			name = Release;
		};
		C99DAA791334347900221DE0 /* Debug */ = {
			isa = XCBuildConfiguration;
			buildSettings = {
				ALWAYS_SEARCH_USER_PATHS = NO;
				COPY_PHASE_STRIP = NO;
				GCC_DYNAMIC_NO_PIC = NO;
				GCC_ENABLE_OBJC_EXCEPTIONS = YES;
				GCC_PRECOMPILE_PREFIX_HEADER = YES;
				GCC_PREFIX_HEADER = "DarkmatterDemo/DarkmatterDemo-Prefix.pch";
				INFOPLIST_FILE = "DarkmatterDemo/DarkmatterDemo-Info.plist";
				PRODUCT_NAME = "$(TARGET_NAME)";
				WRAPPER_EXTENSION = app;
			};
			name = Debug;
		};
		C99DAA7A1334347900221DE0 /* Release */ = {
			isa = XCBuildConfiguration;
			buildSettings = {
				ALWAYS_SEARCH_USER_PATHS = NO;
				COPY_PHASE_STRIP = YES;
				DEBUG_INFORMATION_FORMAT = "dwarf-with-dsym";
				GCC_ENABLE_OBJC_EXCEPTIONS = YES;
				GCC_PRECOMPILE_PREFIX_HEADER = YES;
				GCC_PREFIX_HEADER = "DarkmatterDemo/DarkmatterDemo-Prefix.pch";
				INFOPLIST_FILE = "DarkmatterDemo/DarkmatterDemo-Info.plist";
				PRODUCT_NAME = "$(TARGET_NAME)";
				WRAPPER_EXTENSION = app;
			};
			name = Release;
		};
/* End XCBuildConfiguration section */

/* Begin XCConfigurationList section */
		C99DAA431334346500221DE0 /* Build configuration list for PBXProject "Darkmatter" */ = {
			isa = XCConfigurationList;
			buildConfigurations = (
				C99DAA5A1334346500221DE0 /* Debug */,
				C99DAA5B1334346500221DE0 /* Release */,
			);
			defaultConfigurationIsVisible = 0;
			defaultConfigurationName = Release;
		};
		C99DAA5C1334346500221DE0 /* Build configuration list for PBXNativeTarget "Darkmatter" */ = {
			isa = XCConfigurationList;
			buildConfigurations = (
				C99DAA5D1334346500221DE0 /* Debug */,
				C99DAA5E1334346500221DE0 /* Release */,
			);
			defaultConfigurationIsVisible = 0;
		};
		C99DAA781334347900221DE0 /* Build configuration list for PBXNativeTarget "DarkmatterDemo" */ = {
			isa = XCConfigurationList;
			buildConfigurations = (
				C99DAA791334347900221DE0 /* Debug */,
				C99DAA7A1334347900221DE0 /* Release */,
			);
			defaultConfigurationIsVisible = 0;
		};
/* End XCConfigurationList section */
	};
	rootObject = C99DAA401334346500221DE0 /* Project object */;
}
