// !$*UTF8*$!
{
	archiveVersion = 1;
	classes = {
	};
	objectVersion = 46;
	objects = {

/* Begin PBXBuildFile section */
		C99DAA4E1334346500221DE0 /* Cocoa.framework in Frameworks */ = {isa = PBXBuildFile; fileRef = C99DAA4D1334346500221DE0 /* Cocoa.framework */; };
		C99DAA581334346500221DE0 /* InfoPlist.strings in Resources */ = {isa = PBXBuildFile; fileRef = C99DAA561334346500221DE0 /* InfoPlist.strings */; };
		C99DAA651334347900221DE0 /* Cocoa.framework in Frameworks */ = {isa = PBXBuildFile; fileRef = C99DAA4D1334346500221DE0 /* Cocoa.framework */; };
		C99DAA6B1334347900221DE0 /* InfoPlist.strings in Resources */ = {isa = PBXBuildFile; fileRef = C99DAA691334347900221DE0 /* InfoPlist.strings */; };
		C99DAA6E1334347900221DE0 /* main.m in Sources */ = {isa = PBXBuildFile; fileRef = C99DAA6D1334347900221DE0 /* main.m */; };
		C99DAA711334347900221DE0 /* Credits.rtf in Resources */ = {isa = PBXBuildFile; fileRef = C99DAA6F1334347900221DE0 /* Credits.rtf */; };
		C99DAA741334347900221DE0 /* DarkmatterDemoAppDelegate.m in Sources */ = {isa = PBXBuildFile; fileRef = C99DAA731334347900221DE0 /* DarkmatterDemoAppDelegate.m */; };
		C99DAA771334347900221DE0 /* MainMenu.xib in Resources */ = {isa = PBXBuildFile; fileRef = C99DAA751334347900221DE0 /* MainMenu.xib */; };
		C99DAA9D1334578500221DE0 /* Darkmatter.h in Headers */ = {isa = PBXBuildFile; fileRef = C99DAA9C1334578500221DE0 /* Darkmatter.h */; settings = {ATTRIBUTES = (Public, ); }; };
		C99DAAA413345E4700221DE0 /* MyGameController.m in Sources */ = {isa = PBXBuildFile; fileRef = C99DAA9F13345E4500221DE0 /* MyGameController.m */; };
		C99DAAA513345E4700221DE0 /* MyMenu.m in Sources */ = {isa = PBXBuildFile; fileRef = C99DAAA113345E4500221DE0 /* MyMenu.m */; };
		C99DAAA613345E4700221DE0 /* MyScene.m in Sources */ = {isa = PBXBuildFile; fileRef = C99DAAA313345E4600221DE0 /* MyScene.m */; };
		C99DAAB51334616400221DE0 /* FullscreenWindow.m in Sources */ = {isa = PBXBuildFile; fileRef = C99DAAB21334616400221DE0 /* FullscreenWindow.m */; };
		C99DAAB61334616400221DE0 /* GameWindow.m in Sources */ = {isa = PBXBuildFile; fileRef = C99DAAB41334616400221DE0 /* GameWindow.m */; };
		C99DAADE1334617900221DE0 /* DMCamera.h in Headers */ = {isa = PBXBuildFile; fileRef = C99DAAB81334617900221DE0 /* DMCamera.h */; settings = {ATTRIBUTES = (Public, ); }; };
		C99DAADF1334617900221DE0 /* DMCamera.m in Sources */ = {isa = PBXBuildFile; fileRef = C99DAAB91334617900221DE0 /* DMCamera.m */; };
		C99DAAE01334617900221DE0 /* DMGameController.h in Headers */ = {isa = PBXBuildFile; fileRef = C99DAABA1334617900221DE0 /* DMGameController.h */; settings = {ATTRIBUTES = (Public, ); }; };
		C99DAAE11334617900221DE0 /* DMGameController.m in Sources */ = {isa = PBXBuildFile; fileRef = C99DAABB1334617900221DE0 /* DMGameController.m */; };
		C99DAAE21334617900221DE0 /* DMInputHandler.h in Headers */ = {isa = PBXBuildFile; fileRef = C99DAABC1334617900221DE0 /* DMInputHandler.h */; settings = {ATTRIBUTES = (Public, ); }; };
		C99DAAE31334617900221DE0 /* DMInputHandler.m in Sources */ = {isa = PBXBuildFile; fileRef = C99DAABD1334617900221DE0 /* DMInputHandler.m */; };
		C99DAAE41334617900221DE0 /* DMKeyCodes.h in Headers */ = {isa = PBXBuildFile; fileRef = C99DAABE1334617900221DE0 /* DMKeyCodes.h */; settings = {ATTRIBUTES = (Public, ); }; };
		C99DAAE51334617900221DE0 /* DMLayer.h in Headers */ = {isa = PBXBuildFile; fileRef = C99DAABF1334617900221DE0 /* DMLayer.h */; settings = {ATTRIBUTES = (Public, ); }; };
		C99DAAE61334617900221DE0 /* DMLayer.m in Sources */ = {isa = PBXBuildFile; fileRef = C99DAAC01334617900221DE0 /* DMLayer.m */; };
		C99DAAE71334617900221DE0 /* DMLayer2D.h in Headers */ = {isa = PBXBuildFile; fileRef = C99DAAC11334617900221DE0 /* DMLayer2D.h */; settings = {ATTRIBUTES = (Public, ); }; };
		C99DAAE81334617900221DE0 /* DMLayer2D.m in Sources */ = {isa = PBXBuildFile; fileRef = C99DAAC21334617900221DE0 /* DMLayer2D.m */; };
		C99DAAE91334617900221DE0 /* DMLayer3D.h in Headers */ = {isa = PBXBuildFile; fileRef = C99DAAC31334617900221DE0 /* DMLayer3D.h */; settings = {ATTRIBUTES = (Public, ); }; };
		C99DAAEA1334617900221DE0 /* DMLayer3D.m in Sources */ = {isa = PBXBuildFile; fileRef = C99DAAC41334617900221DE0 /* DMLayer3D.m */; };
		C99DAAEB1334617900221DE0 /* DMObject.h in Headers */ = {isa = PBXBuildFile; fileRef = C99DAAC51334617900221DE0 /* DMObject.h */; settings = {ATTRIBUTES = (Public, ); }; };
		C99DAAEC1334617900221DE0 /* DMObject.m in Sources */ = {isa = PBXBuildFile; fileRef = C99DAAC61334617900221DE0 /* DMObject.m */; };
		C99DAAED1334617900221DE0 /* DMOrthoCamera.h in Headers */ = {isa = PBXBuildFile; fileRef = C99DAAC71334617900221DE0 /* DMOrthoCamera.h */; settings = {ATTRIBUTES = (Public, ); }; };
		C99DAAEE1334617900221DE0 /* DMOrthoCamera.m in Sources */ = {isa = PBXBuildFile; fileRef = C99DAAC81334617900221DE0 /* DMOrthoCamera.m */; };
		C99DAAEF1334617900221DE0 /* DMPerspectiveCamera.h in Headers */ = {isa = PBXBuildFile; fileRef = C99DAAC91334617900221DE0 /* DMPerspectiveCamera.h */; settings = {ATTRIBUTES = (Public, ); }; };
		C99DAAF01334617900221DE0 /* DMPerspectiveCamera.m in Sources */ = {isa = PBXBuildFile; fileRef = C99DAACA1334617900221DE0 /* DMPerspectiveCamera.m */; };
		C99DAAF11334617900221DE0 /* DMScene.h in Headers */ = {isa = PBXBuildFile; fileRef = C99DAACB1334617900221DE0 /* DMScene.h */; settings = {ATTRIBUTES = (Public, ); }; };
		C99DAAF21334617900221DE0 /* DMScene.m in Sources */ = {isa = PBXBuildFile; fileRef = C99DAACC1334617900221DE0 /* DMScene.m */; };
		C99DAAF31334617900221DE0 /* OpenGL.h in Headers */ = {isa = PBXBuildFile; fileRef = C99DAACE1334617900221DE0 /* OpenGL.h */; settings = {ATTRIBUTES = (Public, ); }; };
		C99DAAF41334617900221DE0 /* OpenGL.m in Sources */ = {isa = PBXBuildFile; fileRef = C99DAACF1334617900221DE0 /* OpenGL.m */; };
		C99DAAF51334617900221DE0 /* OpenGLView.h in Headers */ = {isa = PBXBuildFile; fileRef = C99DAAD01334617900221DE0 /* OpenGLView.h */; settings = {ATTRIBUTES = (Public, ); }; };
		C99DAAF61334617900221DE0 /* OpenGLView.m in Sources */ = {isa = PBXBuildFile; fileRef = C99DAAD11334617900221DE0 /* OpenGLView.m */; };
		C99DAAF71334617900221DE0 /* Angle3.h in Headers */ = {isa = PBXBuildFile; fileRef = C99DAAD31334617900221DE0 /* Angle3.h */; settings = {ATTRIBUTES = (Public, ); }; };
		C99DAAF81334617900221DE0 /* Angle3.m in Sources */ = {isa = PBXBuildFile; fileRef = C99DAAD41334617900221DE0 /* Angle3.m */; };
		C99DAAF91334617900221DE0 /* Color3.h in Headers */ = {isa = PBXBuildFile; fileRef = C99DAAD51334617900221DE0 /* Color3.h */; settings = {ATTRIBUTES = (Public, ); }; };
		C99DAAFA1334617900221DE0 /* Color3.m in Sources */ = {isa = PBXBuildFile; fileRef = C99DAAD61334617900221DE0 /* Color3.m */; };
		C99DAAFB1334617900221DE0 /* Color4.h in Headers */ = {isa = PBXBuildFile; fileRef = C99DAAD71334617900221DE0 /* Color4.h */; settings = {ATTRIBUTES = (Public, ); }; };
		C99DAAFC1334617900221DE0 /* Color4.m in Sources */ = {isa = PBXBuildFile; fileRef = C99DAAD81334617900221DE0 /* Color4.m */; };
		C99DAAFD1334617900221DE0 /* DataTypes.h in Headers */ = {isa = PBXBuildFile; fileRef = C99DAAD91334617900221DE0 /* DataTypes.h */; settings = {ATTRIBUTES = (Public, ); }; };
		C99DAAFE1334617900221DE0 /* Point2.h in Headers */ = {isa = PBXBuildFile; fileRef = C99DAADA1334617900221DE0 /* Point2.h */; settings = {ATTRIBUTES = (Public, ); }; };
		C99DAAFF1334617900221DE0 /* Point2.m in Sources */ = {isa = PBXBuildFile; fileRef = C99DAADB1334617900221DE0 /* Point2.m */; };
		C99DAB001334617900221DE0 /* Point3.h in Headers */ = {isa = PBXBuildFile; fileRef = C99DAADC1334617900221DE0 /* Point3.h */; settings = {ATTRIBUTES = (Public, ); }; };
		C99DAB011334617900221DE0 /* Point3.m in Sources */ = {isa = PBXBuildFile; fileRef = C99DAADD1334617900221DE0 /* Point3.m */; };
		C99DAB03133461D400221DE0 /* OpenGL.framework in Frameworks */ = {isa = PBXBuildFile; fileRef = C99DAB02133461D400221DE0 /* OpenGL.framework */; };
		C99DAB051334622100221DE0 /* CoreVideo.framework in Frameworks */ = {isa = PBXBuildFile; fileRef = C99DAB041334622100221DE0 /* CoreVideo.framework */; };
		C99DAB09133469B900221DE0 /* OpenGL.framework in Frameworks */ = {isa = PBXBuildFile; fileRef = C99DAB02133461D400221DE0 /* OpenGL.framework */; };
		C99DAB0D13346F6700221DE0 /* Darkmatter.framework in Frameworks */ = {isa = PBXBuildFile; fileRef = C99DAA4A1334346500221DE0 /* Darkmatter.framework */; };
		C99DAB0E1334714E00221DE0 /* Darkmatter.framework in CopyFiles */ = {isa = PBXBuildFile; fileRef = C99DAA4A1334346500221DE0 /* Darkmatter.framework */; };
/* End PBXBuildFile section */

/* Begin PBXContainerItemProxy section */
		C99DAB0A133469C700221DE0 /* PBXContainerItemProxy */ = {
			isa = PBXContainerItemProxy;
			containerPortal = C99DAA401334346500221DE0 /* Project object */;
			proxyType = 1;
			remoteGlobalIDString = C99DAA491334346500221DE0;
			remoteInfo = Darkmatter;
		};
/* End PBXContainerItemProxy section */

/* Begin PBXCopyFilesBuildPhase section */
		C99DAA921334557400221DE0 /* CopyFiles */ = {
			isa = PBXCopyFilesBuildPhase;
			buildActionMask = 2147483647;
			dstPath = "";
			dstSubfolderSpec = 10;
			files = (
				C99DAB0E1334714E00221DE0 /* Darkmatter.framework in CopyFiles */,
			);
			runOnlyForDeploymentPostprocessing = 0;
		};
/* End PBXCopyFilesBuildPhase section */

/* Begin PBXFileReference section */
		C99DAA4A1334346500221DE0 /* Darkmatter.framework */ = {isa = PBXFileReference; explicitFileType = wrapper.framework; includeInIndex = 0; path = Darkmatter.framework; sourceTree = BUILT_PRODUCTS_DIR; };
		C99DAA4D1334346500221DE0 /* Cocoa.framework */ = {isa = PBXFileReference; lastKnownFileType = wrapper.framework; name = Cocoa.framework; path = System/Library/Frameworks/Cocoa.framework; sourceTree = SDKROOT; };
		C99DAA501334346500221DE0 /* AppKit.framework */ = {isa = PBXFileReference; lastKnownFileType = wrapper.framework; name = AppKit.framework; path = System/Library/Frameworks/AppKit.framework; sourceTree = SDKROOT; };
		C99DAA511334346500221DE0 /* CoreData.framework */ = {isa = PBXFileReference; lastKnownFileType = wrapper.framework; name = CoreData.framework; path = System/Library/Frameworks/CoreData.framework; sourceTree = SDKROOT; };
		C99DAA521334346500221DE0 /* Foundation.framework */ = {isa = PBXFileReference; lastKnownFileType = wrapper.framework; name = Foundation.framework; path = System/Library/Frameworks/Foundation.framework; sourceTree = SDKROOT; };
		C99DAA551334346500221DE0 /* Darkmatter-Info.plist */ = {isa = PBXFileReference; lastKnownFileType = text.plist.xml; path = "Darkmatter-Info.plist"; sourceTree = "<group>"; };
		C99DAA571334346500221DE0 /* en */ = {isa = PBXFileReference; lastKnownFileType = text.plist.strings; name = en; path = en.lproj/InfoPlist.strings; sourceTree = "<group>"; };
		C99DAA591334346500221DE0 /* Darkmatter-Prefix.pch */ = {isa = PBXFileReference; lastKnownFileType = sourcecode.c.h; path = "Darkmatter-Prefix.pch"; sourceTree = "<group>"; };
		C99DAA631334347900221DE0 /* DarkmatterDemo.app */ = {isa = PBXFileReference; explicitFileType = wrapper.application; includeInIndex = 0; path = DarkmatterDemo.app; sourceTree = BUILT_PRODUCTS_DIR; };
		C99DAA681334347900221DE0 /* DarkmatterDemo-Info.plist */ = {isa = PBXFileReference; lastKnownFileType = text.plist.xml; path = "DarkmatterDemo-Info.plist"; sourceTree = "<group>"; };
		C99DAA6A1334347900221DE0 /* en */ = {isa = PBXFileReference; lastKnownFileType = text.plist.strings; name = en; path = en.lproj/InfoPlist.strings; sourceTree = "<group>"; };
		C99DAA6C1334347900221DE0 /* DarkmatterDemo-Prefix.pch */ = {isa = PBXFileReference; lastKnownFileType = sourcecode.c.h; path = "DarkmatterDemo-Prefix.pch"; sourceTree = "<group>"; };
		C99DAA6D1334347900221DE0 /* main.m */ = {isa = PBXFileReference; lastKnownFileType = sourcecode.c.objc; path = main.m; sourceTree = "<group>"; };
		C99DAA701334347900221DE0 /* en */ = {isa = PBXFileReference; lastKnownFileType = text.rtf; name = en; path = en.lproj/Credits.rtf; sourceTree = "<group>"; };
		C99DAA721334347900221DE0 /* DarkmatterDemoAppDelegate.h */ = {isa = PBXFileReference; lastKnownFileType = sourcecode.c.h; path = DarkmatterDemoAppDelegate.h; sourceTree = "<group>"; };
		C99DAA731334347900221DE0 /* DarkmatterDemoAppDelegate.m */ = {isa = PBXFileReference; lastKnownFileType = sourcecode.c.objc; path = DarkmatterDemoAppDelegate.m; sourceTree = "<group>"; };
		C99DAA761334347900221DE0 /* en */ = {isa = PBXFileReference; lastKnownFileType = file.xib; name = en; path = en.lproj/MainMenu.xib; sourceTree = "<group>"; };
		C99DAA9C1334578500221DE0 /* Darkmatter.h */ = {isa = PBXFileReference; fileEncoding = 4; lastKnownFileType = sourcecode.c.h; path = Darkmatter.h; sourceTree = "<group>"; };
		C99DAA9E13345E4400221DE0 /* MyGameController.h */ = {isa = PBXFileReference; fileEncoding = 4; lastKnownFileType = sourcecode.c.h; path = MyGameController.h; sourceTree = "<group>"; };
		C99DAA9F13345E4500221DE0 /* MyGameController.m */ = {isa = PBXFileReference; fileEncoding = 4; lastKnownFileType = sourcecode.c.objc; path = MyGameController.m; sourceTree = "<group>"; };
		C99DAAA013345E4500221DE0 /* MyMenu.h */ = {isa = PBXFileReference; fileEncoding = 4; lastKnownFileType = sourcecode.c.h; path = MyMenu.h; sourceTree = "<group>"; };
		C99DAAA113345E4500221DE0 /* MyMenu.m */ = {isa = PBXFileReference; fileEncoding = 4; lastKnownFileType = sourcecode.c.objc; path = MyMenu.m; sourceTree = "<group>"; };
		C99DAAA213345E4600221DE0 /* MyScene.h */ = {isa = PBXFileReference; fileEncoding = 4; lastKnownFileType = sourcecode.c.h; path = MyScene.h; sourceTree = "<group>"; };
		C99DAAA313345E4600221DE0 /* MyScene.m */ = {isa = PBXFileReference; fileEncoding = 4; lastKnownFileType = sourcecode.c.objc; path = MyScene.m; sourceTree = "<group>"; };
		C99DAAB11334616400221DE0 /* FullscreenWindow.h */ = {isa = PBXFileReference; fileEncoding = 4; lastKnownFileType = sourcecode.c.h; path = FullscreenWindow.h; sourceTree = "<group>"; };
		C99DAAB21334616400221DE0 /* FullscreenWindow.m */ = {isa = PBXFileReference; fileEncoding = 4; lastKnownFileType = sourcecode.c.objc; path = FullscreenWindow.m; sourceTree = "<group>"; };
		C99DAAB31334616400221DE0 /* GameWindow.h */ = {isa = PBXFileReference; fileEncoding = 4; lastKnownFileType = sourcecode.c.h; path = GameWindow.h; sourceTree = "<group>"; };
		C99DAAB41334616400221DE0 /* GameWindow.m */ = {isa = PBXFileReference; fileEncoding = 4; lastKnownFileType = sourcecode.c.objc; path = GameWindow.m; sourceTree = "<group>"; };
		C99DAAB81334617900221DE0 /* DMCamera.h */ = {isa = PBXFileReference; fileEncoding = 4; lastKnownFileType = sourcecode.c.h; path = DMCamera.h; sourceTree = "<group>"; };
		C99DAAB91334617900221DE0 /* DMCamera.m */ = {isa = PBXFileReference; fileEncoding = 4; lastKnownFileType = sourcecode.c.objc; path = DMCamera.m; sourceTree = "<group>"; };
		C99DAABA1334617900221DE0 /* DMGameController.h */ = {isa = PBXFileReference; fileEncoding = 4; lastKnownFileType = sourcecode.c.h; path = DMGameController.h; sourceTree = "<group>"; };
		C99DAABB1334617900221DE0 /* DMGameController.m */ = {isa = PBXFileReference; fileEncoding = 4; lastKnownFileType = sourcecode.c.objc; path = DMGameController.m; sourceTree = "<group>"; };
		C99DAABC1334617900221DE0 /* DMInputHandler.h */ = {isa = PBXFileReference; fileEncoding = 4; lastKnownFileType = sourcecode.c.h; path = DMInputHandler.h; sourceTree = "<group>"; };
		C99DAABD1334617900221DE0 /* DMInputHandler.m */ = {isa = PBXFileReference; fileEncoding = 4; lastKnownFileType = sourcecode.c.objc; path = DMInputHandler.m; sourceTree = "<group>"; };
		C99DAABE1334617900221DE0 /* DMKeyCodes.h */ = {isa = PBXFileReference; fileEncoding = 4; lastKnownFileType = sourcecode.c.h; path = DMKeyCodes.h; sourceTree = "<group>"; };
		C99DAABF1334617900221DE0 /* DMLayer.h */ = {isa = PBXFileReference; fileEncoding = 4; lastKnownFileType = sourcecode.c.h; path = DMLayer.h; sourceTree = "<group>"; };
		C99DAAC01334617900221DE0 /* DMLayer.m */ = {isa = PBXFileReference; fileEncoding = 4; lastKnownFileType = sourcecode.c.objc; path = DMLayer.m; sourceTree = "<group>"; };
		C99DAAC11334617900221DE0 /* DMLayer2D.h */ = {isa = PBXFileReference; fileEncoding = 4; lastKnownFileType = sourcecode.c.h; path = DMLayer2D.h; sourceTree = "<group>"; };
		C99DAAC21334617900221DE0 /* DMLayer2D.m */ = {isa = PBXFileReference; fileEncoding = 4; lastKnownFileType = sourcecode.c.objc; path = DMLayer2D.m; sourceTree = "<group>"; };
		C99DAAC31334617900221DE0 /* DMLayer3D.h */ = {isa = PBXFileReference; fileEncoding = 4; lastKnownFileType = sourcecode.c.h; path = DMLayer3D.h; sourceTree = "<group>"; };
		C99DAAC41334617900221DE0 /* DMLayer3D.m */ = {isa = PBXFileReference; fileEncoding = 4; lastKnownFileType = sourcecode.c.objc; path = DMLayer3D.m; sourceTree = "<group>"; };
		C99DAAC51334617900221DE0 /* DMObject.h */ = {isa = PBXFileReference; fileEncoding = 4; lastKnownFileType = sourcecode.c.h; path = DMObject.h; sourceTree = "<group>"; };
		C99DAAC61334617900221DE0 /* DMObject.m */ = {isa = PBXFileReference; fileEncoding = 4; lastKnownFileType = sourcecode.c.objc; path = DMObject.m; sourceTree = "<group>"; };
		C99DAAC71334617900221DE0 /* DMOrthoCamera.h */ = {isa = PBXFileReference; fileEncoding = 4; lastKnownFileType = sourcecode.c.h; path = DMOrthoCamera.h; sourceTree = "<group>"; };
		C99DAAC81334617900221DE0 /* DMOrthoCamera.m */ = {isa = PBXFileReference; fileEncoding = 4; lastKnownFileType = sourcecode.c.objc; path = DMOrthoCamera.m; sourceTree = "<group>"; };
		C99DAAC91334617900221DE0 /* DMPerspectiveCamera.h */ = {isa = PBXFileReference; fileEncoding = 4; lastKnownFileType = sourcecode.c.h; path = DMPerspectiveCamera.h; sourceTree = "<group>"; };
		C99DAACA1334617900221DE0 /* DMPerspectiveCamera.m */ = {isa = PBXFileReference; fileEncoding = 4; lastKnownFileType = sourcecode.c.objc; path = DMPerspectiveCamera.m; sourceTree = "<group>"; };
		C99DAACB1334617900221DE0 /* DMScene.h */ = {isa = PBXFileReference; fileEncoding = 4; lastKnownFileType = sourcecode.c.h; path = DMScene.h; sourceTree = "<group>"; };
		C99DAACC1334617900221DE0 /* DMScene.m */ = {isa = PBXFileReference; fileEncoding = 4; lastKnownFileType = sourcecode.c.objc; path = DMScene.m; sourceTree = "<group>"; };
		C99DAACE1334617900221DE0 /* OpenGL.h */ = {isa = PBXFileReference; fileEncoding = 4; lastKnownFileType = sourcecode.c.h; path = OpenGL.h; sourceTree = "<group>"; };
		C99DAACF1334617900221DE0 /* OpenGL.m */ = {isa = PBXFileReference; fileEncoding = 4; lastKnownFileType = sourcecode.c.objc; path = OpenGL.m; sourceTree = "<group>"; };
		C99DAAD01334617900221DE0 /* OpenGLView.h */ = {isa = PBXFileReference; fileEncoding = 4; lastKnownFileType = sourcecode.c.h; path = OpenGLView.h; sourceTree = "<group>"; };
		C99DAAD11334617900221DE0 /* OpenGLView.m */ = {isa = PBXFileReference; fileEncoding = 4; lastKnownFileType = sourcecode.c.objc; path = OpenGLView.m; sourceTree = "<group>"; };
		C99DAAD31334617900221DE0 /* Angle3.h */ = {isa = PBXFileReference; fileEncoding = 4; lastKnownFileType = sourcecode.c.h; path = Angle3.h; sourceTree = "<group>"; };
		C99DAAD41334617900221DE0 /* Angle3.m */ = {isa = PBXFileReference; fileEncoding = 4; lastKnownFileType = sourcecode.c.objc; path = Angle3.m; sourceTree = "<group>"; };
		C99DAAD51334617900221DE0 /* Color3.h */ = {isa = PBXFileReference; fileEncoding = 4; lastKnownFileType = sourcecode.c.h; path = Color3.h; sourceTree = "<group>"; };
		C99DAAD61334617900221DE0 /* Color3.m */ = {isa = PBXFileReference; fileEncoding = 4; lastKnownFileType = sourcecode.c.objc; path = Color3.m; sourceTree = "<group>"; };
		C99DAAD71334617900221DE0 /* Color4.h */ = {isa = PBXFileReference; fileEncoding = 4; lastKnownFileType = sourcecode.c.h; path = Color4.h; sourceTree = "<group>"; };
		C99DAAD81334617900221DE0 /* Color4.m */ = {isa = PBXFileReference; fileEncoding = 4; lastKnownFileType = sourcecode.c.objc; path = Color4.m; sourceTree = "<group>"; };
		C99DAAD91334617900221DE0 /* DataTypes.h */ = {isa = PBXFileReference; fileEncoding = 4; lastKnownFileType = sourcecode.c.h; path = DataTypes.h; sourceTree = "<group>"; };
		C99DAADA1334617900221DE0 /* Point2.h */ = {isa = PBXFileReference; fileEncoding = 4; lastKnownFileType = sourcecode.c.h; path = Point2.h; sourceTree = "<group>"; };
		C99DAADB1334617900221DE0 /* Point2.m */ = {isa = PBXFileReference; fileEncoding = 4; lastKnownFileType = sourcecode.c.objc; path = Point2.m; sourceTree = "<group>"; };
		C99DAADC1334617900221DE0 /* Point3.h */ = {isa = PBXFileReference; fileEncoding = 4; lastKnownFileType = sourcecode.c.h; path = Point3.h; sourceTree = "<group>"; };
		C99DAADD1334617900221DE0 /* Point3.m */ = {isa = PBXFileReference; fileEncoding = 4; lastKnownFileType = sourcecode.c.objc; path = Point3.m; sourceTree = "<group>"; };
		C99DAB02133461D400221DE0 /* OpenGL.framework */ = {isa = PBXFileReference; lastKnownFileType = wrapper.framework; name = OpenGL.framework; path = System/Library/Frameworks/OpenGL.framework; sourceTree = SDKROOT; };
		C99DAB041334622100221DE0 /* CoreVideo.framework */ = {isa = PBXFileReference; lastKnownFileType = wrapper.framework; name = CoreVideo.framework; path = System/Library/Frameworks/CoreVideo.framework; sourceTree = SDKROOT; };
/* End PBXFileReference section */

/* Begin PBXFrameworksBuildPhase section */
		C99DAA461334346500221DE0 /* Frameworks */ = {
			isa = PBXFrameworksBuildPhase;
			buildActionMask = 2147483647;
			files = (
				C99DAB051334622100221DE0 /* CoreVideo.framework in Frameworks */,
				C99DAB03133461D400221DE0 /* OpenGL.framework in Frameworks */,
				C99DAA4E1334346500221DE0 /* Cocoa.framework in Frameworks */,
			);
			runOnlyForDeploymentPostprocessing = 0;
		};
		C99DAA601334347900221DE0 /* Frameworks */ = {
			isa = PBXFrameworksBuildPhase;
			buildActionMask = 2147483647;
			files = (
				C99DAB0D13346F6700221DE0 /* Darkmatter.framework in Frameworks */,
				C99DAA651334347900221DE0 /* Cocoa.framework in Frameworks */,
				C99DAB09133469B900221DE0 /* OpenGL.framework in Frameworks */,
			);
			runOnlyForDeploymentPostprocessing = 0;
		};
/* End PBXFrameworksBuildPhase section */

/* Begin PBXGroup section */
		C99DAA3E1334346500221DE0 = {
			isa = PBXGroup;
			children = (
				C99DAA531334346500221DE0 /* Darkmatter */,
				C99DAA661334347900221DE0 /* DarkmatterDemo */,
				C99DAA4C1334346500221DE0 /* Frameworks */,
				C99DAA4B1334346500221DE0 /* Products */,
			);
			sourceTree = "<group>";
		};
		C99DAA4B1334346500221DE0 /* Products */ = {
			isa = PBXGroup;
			children = (
				C99DAA4A1334346500221DE0 /* Darkmatter.framework */,
				C99DAA631334347900221DE0 /* DarkmatterDemo.app */,
			);
			name = Products;
			sourceTree = "<group>";
		};
		C99DAA4C1334346500221DE0 /* Frameworks */ = {
			isa = PBXGroup;
			children = (
				C99DAA4D1334346500221DE0 /* Cocoa.framework */,
				C99DAB02133461D400221DE0 /* OpenGL.framework */,
				C99DAB041334622100221DE0 /* CoreVideo.framework */,
				C99DAA4F1334346500221DE0 /* Other Frameworks */,
			);
			name = Frameworks;
			sourceTree = "<group>";
		};
		C99DAA4F1334346500221DE0 /* Other Frameworks */ = {
			isa = PBXGroup;
			children = (
				C99DAA501334346500221DE0 /* AppKit.framework */,
				C99DAA511334346500221DE0 /* CoreData.framework */,
				C99DAA521334346500221DE0 /* Foundation.framework */,
			);
			name = "Other Frameworks";
			sourceTree = "<group>";
		};
		C99DAA531334346500221DE0 /* Darkmatter */ = {
			isa = PBXGroup;
			children = (
				C99DAA9C1334578500221DE0 /* Darkmatter.h */,
				C99DAAB71334617900221DE0 /* Engine */,
				C99DAACD1334617900221DE0 /* OpenGL */,
				C99DAAD21334617900221DE0 /* DataTypes */,
				C99DAA541334346500221DE0 /* Supporting Files */,
			);
			path = Darkmatter;
			sourceTree = "<group>";
		};
		C99DAA541334346500221DE0 /* Supporting Files */ = {
			isa = PBXGroup;
			children = (
				C99DAA551334346500221DE0 /* Darkmatter-Info.plist */,
				C99DAA561334346500221DE0 /* InfoPlist.strings */,
				C99DAA591334346500221DE0 /* Darkmatter-Prefix.pch */,
			);
			name = "Supporting Files";
			sourceTree = "<group>";
		};
		C99DAA661334347900221DE0 /* DarkmatterDemo */ = {
			isa = PBXGroup;
			children = (
				C99DAAB01334616400221DE0 /* Window */,
				C99DAA721334347900221DE0 /* DarkmatterDemoAppDelegate.h */,
				C99DAA731334347900221DE0 /* DarkmatterDemoAppDelegate.m */,
				C99DAA9E13345E4400221DE0 /* MyGameController.h */,
				C99DAA9F13345E4500221DE0 /* MyGameController.m */,
				C99DAAA013345E4500221DE0 /* MyMenu.h */,
				C99DAAA113345E4500221DE0 /* MyMenu.m */,
				C99DAAA213345E4600221DE0 /* MyScene.h */,
				C99DAAA313345E4600221DE0 /* MyScene.m */,
				C99DAA751334347900221DE0 /* MainMenu.xib */,
				C99DAA671334347900221DE0 /* Supporting Files */,
			);
			path = DarkmatterDemo;
			sourceTree = "<group>";
		};
		C99DAA671334347900221DE0 /* Supporting Files */ = {
			isa = PBXGroup;
			children = (
				C99DAA681334347900221DE0 /* DarkmatterDemo-Info.plist */,
				C99DAA691334347900221DE0 /* InfoPlist.strings */,
				C99DAA6C1334347900221DE0 /* DarkmatterDemo-Prefix.pch */,
				C99DAA6D1334347900221DE0 /* main.m */,
				C99DAA6F1334347900221DE0 /* Credits.rtf */,
			);
			name = "Supporting Files";
			sourceTree = "<group>";
		};
		C99DAAB01334616400221DE0 /* Window */ = {
			isa = PBXGroup;
			children = (
				C99DAAB11334616400221DE0 /* FullscreenWindow.h */,
				C99DAAB21334616400221DE0 /* FullscreenWindow.m */,
				C99DAAB31334616400221DE0 /* GameWindow.h */,
				C99DAAB41334616400221DE0 /* GameWindow.m */,
			);
			path = Window;
			sourceTree = "<group>";
		};
		C99DAAB71334617900221DE0 /* Engine */ = {
			isa = PBXGroup;
			children = (
				C99DAAB81334617900221DE0 /* DMCamera.h */,
				C99DAAB91334617900221DE0 /* DMCamera.m */,
				C99DAABA1334617900221DE0 /* DMGameController.h */,
				C99DAABB1334617900221DE0 /* DMGameController.m */,
				C99DAABC1334617900221DE0 /* DMInputHandler.h */,
				C99DAABD1334617900221DE0 /* DMInputHandler.m */,
				C99DAABE1334617900221DE0 /* DMKeyCodes.h */,
				C99DAABF1334617900221DE0 /* DMLayer.h */,
				C99DAAC01334617900221DE0 /* DMLayer.m */,
				C99DAAC11334617900221DE0 /* DMLayer2D.h */,
				C99DAAC21334617900221DE0 /* DMLayer2D.m */,
				C99DAAC31334617900221DE0 /* DMLayer3D.h */,
				C99DAAC41334617900221DE0 /* DMLayer3D.m */,
				C99DAAC51334617900221DE0 /* DMObject.h */,
				C99DAAC61334617900221DE0 /* DMObject.m */,
				C99DAAC71334617900221DE0 /* DMOrthoCamera.h */,
				C99DAAC81334617900221DE0 /* DMOrthoCamera.m */,
				C99DAAC91334617900221DE0 /* DMPerspectiveCamera.h */,
				C99DAACA1334617900221DE0 /* DMPerspectiveCamera.m */,
				C99DAACB1334617900221DE0 /* DMScene.h */,
				C99DAACC1334617900221DE0 /* DMScene.m */,
			);
			path = Engine;
			sourceTree = "<group>";
		};
		C99DAACD1334617900221DE0 /* OpenGL */ = {
			isa = PBXGroup;
			children = (
				C99DAACE1334617900221DE0 /* OpenGL.h */,
				C99DAACF1334617900221DE0 /* OpenGL.m */,
				C99DAAD01334617900221DE0 /* OpenGLView.h */,
				C99DAAD11334617900221DE0 /* OpenGLView.m */,
			);
			path = OpenGL;
			sourceTree = "<group>";
		};
		C99DAAD21334617900221DE0 /* DataTypes */ = {
			isa = PBXGroup;
			children = (
				C99DAAD91334617900221DE0 /* DataTypes.h */,
				C99DAAD31334617900221DE0 /* Angle3.h */,
				C99DAAD41334617900221DE0 /* Angle3.m */,
				C99DAAD51334617900221DE0 /* Color3.h */,
				C99DAAD61334617900221DE0 /* Color3.m */,
				C99DAAD71334617900221DE0 /* Color4.h */,
				C99DAAD81334617900221DE0 /* Color4.m */,
				C99DAADA1334617900221DE0 /* Point2.h */,
				C99DAADB1334617900221DE0 /* Point2.m */,
				C99DAADC1334617900221DE0 /* Point3.h */,
				C99DAADD1334617900221DE0 /* Point3.m */,
			);
			path = DataTypes;
			sourceTree = "<group>";
		};
/* End PBXGroup section */

/* Begin PBXHeadersBuildPhase section */
		C99DAA471334346500221DE0 /* Headers */ = {
			isa = PBXHeadersBuildPhase;
			buildActionMask = 2147483647;
			files = (
				C99DAA9D1334578500221DE0 /* Darkmatter.h in Headers */,
				C99DAADE1334617900221DE0 /* DMCamera.h in Headers */,
				C99DAAE01334617900221DE0 /* DMGameController.h in Headers */,
				C99DAAE21334617900221DE0 /* DMInputHandler.h in Headers */,
				C99DAAE41334617900221DE0 /* DMKeyCodes.h in Headers */,
				C99DAAE51334617900221DE0 /* DMLayer.h in Headers */,
				C99DAAE71334617900221DE0 /* DMLayer2D.h in Headers */,
				C99DAAE91334617900221DE0 /* DMLayer3D.h in Headers */,
				C99DAAEB1334617900221DE0 /* DMObject.h in Headers */,
				C99DAAED1334617900221DE0 /* DMOrthoCamera.h in Headers */,
				C99DAAEF1334617900221DE0 /* DMPerspectiveCamera.h in Headers */,
				C99DAAF11334617900221DE0 /* DMScene.h in Headers */,
				C99DAAF31334617900221DE0 /* OpenGL.h in Headers */,
				C99DAAF51334617900221DE0 /* OpenGLView.h in Headers */,
				C99DAAF71334617900221DE0 /* Angle3.h in Headers */,
				C99DAAF91334617900221DE0 /* Color3.h in Headers */,
				C99DAAFB1334617900221DE0 /* Color4.h in Headers */,
				C99DAAFD1334617900221DE0 /* DataTypes.h in Headers */,
				C99DAAFE1334617900221DE0 /* Point2.h in Headers */,
				C99DAB001334617900221DE0 /* Point3.h in Headers */,
			);
			runOnlyForDeploymentPostprocessing = 0;
		};
/* End PBXHeadersBuildPhase section */

/* Begin PBXNativeTarget section */
		C99DAA491334346500221DE0 /* Darkmatter */ = {
			isa = PBXNativeTarget;
			buildConfigurationList = C99DAA5C1334346500221DE0 /* Build configuration list for PBXNativeTarget "Darkmatter" */;
			buildPhases = (
				C99DAA451334346500221DE0 /* Sources */,
				C99DAA461334346500221DE0 /* Frameworks */,
				C99DAA471334346500221DE0 /* Headers */,
				C99DAA481334346500221DE0 /* Resources */,
			);
			buildRules = (
			);
			dependencies = (
			);
			name = Darkmatter;
			productName = Darkmatter;
			productReference = C99DAA4A1334346500221DE0 /* Darkmatter.framework */;
			productType = "com.apple.product-type.framework";
		};
		C99DAA621334347900221DE0 /* DarkmatterDemo */ = {
			isa = PBXNativeTarget;
			buildConfigurationList = C99DAA781334347900221DE0 /* Build configuration list for PBXNativeTarget "DarkmatterDemo" */;
			buildPhases = (
				C99DAA921334557400221DE0 /* CopyFiles */,
				C99DAA5F1334347900221DE0 /* Sources */,
				C99DAA601334347900221DE0 /* Frameworks */,
				C99DAA611334347900221DE0 /* Resources */,
			);
			buildRules = (
			);
			dependencies = (
				C99DAB0B133469C700221DE0 /* PBXTargetDependency */,
			);
			name = DarkmatterDemo;
			productName = DarkmatterDemo;
			productReference = C99DAA631334347900221DE0 /* DarkmatterDemo.app */;
			productType = "com.apple.product-type.application";
		};
/* End PBXNativeTarget section */

/* Begin PBXProject section */
		C99DAA401334346500221DE0 /* Project object */ = {
			isa = PBXProject;
			attributes = {
				ORGANIZATIONNAME = "Matt Rubin";
			};
			buildConfigurationList = C99DAA431334346500221DE0 /* Build configuration list for PBXProject "Darkmatter" */;
			compatibilityVersion = "Xcode 3.2";
			developmentRegion = English;
			hasScannedForEncodings = 0;
			knownRegions = (
				en,
			);
			mainGroup = C99DAA3E1334346500221DE0;
			productRefGroup = C99DAA4B1334346500221DE0 /* Products */;
			projectDirPath = "";
			projectRoot = "";
			targets = (
				C99DAA491334346500221DE0 /* Darkmatter */,
				C99DAA621334347900221DE0 /* DarkmatterDemo */,
			);
		};
/* End PBXProject section */

/* Begin PBXResourcesBuildPhase section */
		C99DAA481334346500221DE0 /* Resources */ = {
			isa = PBXResourcesBuildPhase;
			buildActionMask = 2147483647;
			files = (
				C99DAA581334346500221DE0 /* InfoPlist.strings in Resources */,
			);
			runOnlyForDeploymentPostprocessing = 0;
		};
		C99DAA611334347900221DE0 /* Resources */ = {
			isa = PBXResourcesBuildPhase;
			buildActionMask = 2147483647;
			files = (
				C99DAA6B1334347900221DE0 /* InfoPlist.strings in Resources */,
				C99DAA711334347900221DE0 /* Credits.rtf in Resources */,
				C99DAA771334347900221DE0 /* MainMenu.xib in Resources */,
			);
			runOnlyForDeploymentPostprocessing = 0;
		};
/* End PBXResourcesBuildPhase section */

/* Begin PBXSourcesBuildPhase section */
		C99DAA451334346500221DE0 /* Sources */ = {
			isa = PBXSourcesBuildPhase;
			buildActionMask = 2147483647;
			files = (
				C99DAADF1334617900221DE0 /* DMCamera.m in Sources */,
				C99DAAE11334617900221DE0 /* DMGameController.m in Sources */,
				C99DAAE31334617900221DE0 /* DMInputHandler.m in Sources */,
				C99DAAE61334617900221DE0 /* DMLayer.m in Sources */,
				C99DAAE81334617900221DE0 /* DMLayer2D.m in Sources */,
				C99DAAEA1334617900221DE0 /* DMLayer3D.m in Sources */,
				C99DAAEC1334617900221DE0 /* DMObject.m in Sources */,
				C99DAAEE1334617900221DE0 /* DMOrthoCamera.m in Sources */,
				C99DAAF01334617900221DE0 /* DMPerspectiveCamera.m in Sources */,
				C99DAAF21334617900221DE0 /* DMScene.m in Sources */,
				C99DAAF41334617900221DE0 /* OpenGL.m in Sources */,
				C99DAAF61334617900221DE0 /* OpenGLView.m in Sources */,
				C99DAAF81334617900221DE0 /* Angle3.m in Sources */,
				C99DAAFA1334617900221DE0 /* Color3.m in Sources */,
				C99DAAFC1334617900221DE0 /* Color4.m in Sources */,
				C99DAAFF1334617900221DE0 /* Point2.m in Sources */,
				C99DAB011334617900221DE0 /* Point3.m in Sources */,
			);
			runOnlyForDeploymentPostprocessing = 0;
		};
		C99DAA5F1334347900221DE0 /* Sources */ = {
			isa = PBXSourcesBuildPhase;
			buildActionMask = 2147483647;
			files = (
				C99DAA6E1334347900221DE0 /* main.m in Sources */,
				C99DAA741334347900221DE0 /* DarkmatterDemoAppDelegate.m in Sources */,
				C99DAAA413345E4700221DE0 /* MyGameController.m in Sources */,
				C99DAAA513345E4700221DE0 /* MyMenu.m in Sources */,
				C99DAAA613345E4700221DE0 /* MyScene.m in Sources */,
				C99DAAB51334616400221DE0 /* FullscreenWindow.m in Sources */,
				C99DAAB61334616400221DE0 /* GameWindow.m in Sources */,
			);
			runOnlyForDeploymentPostprocessing = 0;
		};
/* End PBXSourcesBuildPhase section */

/* Begin PBXTargetDependency section */
		C99DAB0B133469C700221DE0 /* PBXTargetDependency */ = {
			isa = PBXTargetDependency;
			target = C99DAA491334346500221DE0 /* Darkmatter */;
			targetProxy = C99DAB0A133469C700221DE0 /* PBXContainerItemProxy */;
		};
/* End PBXTargetDependency section */

/* Begin PBXVariantGroup section */
		C99DAA561334346500221DE0 /* InfoPlist.strings */ = {
			isa = PBXVariantGroup;
			children = (
				C99DAA571334346500221DE0 /* en */,
			);
			name = InfoPlist.strings;
			sourceTree = "<group>";
		};
		C99DAA691334347900221DE0 /* InfoPlist.strings */ = {
			isa = PBXVariantGroup;
			children = (
				C99DAA6A1334347900221DE0 /* en */,
			);
			name = InfoPlist.strings;
			sourceTree = "<group>";
		};
		C99DAA6F1334347900221DE0 /* Credits.rtf */ = {
			isa = PBXVariantGroup;
			children = (
				C99DAA701334347900221DE0 /* en */,
			);
			name = Credits.rtf;
			sourceTree = "<group>";
		};
		C99DAA751334347900221DE0 /* MainMenu.xib */ = {
			isa = PBXVariantGroup;
			children = (
				C99DAA761334347900221DE0 /* en */,
			);
			name = MainMenu.xib;
			sourceTree = "<group>";
		};
/* End PBXVariantGroup section */

/* Begin XCBuildConfiguration section */
		C99DAA5A1334346500221DE0 /* Debug */ = {
			isa = XCBuildConfiguration;
			buildSettings = {
				ARCHS = "$(ARCHS_STANDARD_32_64_BIT)";
				GCC_C_LANGUAGE_STANDARD = gnu99;
				GCC_OPTIMIZATION_LEVEL = 0;
				GCC_PREPROCESSOR_DEFINITIONS = DEBUG;
				GCC_VERSION = com.apple.compilers.llvm.clang.1_0;
				GCC_WARN_64_TO_32_BIT_CONVERSION = YES;
				GCC_WARN_ABOUT_RETURN_TYPE = YES;
				GCC_WARN_UNUSED_VARIABLE = YES;
				MACOSX_DEPLOYMENT_TARGET = 10.6;
				ONLY_ACTIVE_ARCH = YES;
				SDKROOT = macosx;
			};
			name = Debug;
		};
		C99DAA5B1334346500221DE0 /* Release */ = {
			isa = XCBuildConfiguration;
			buildSettings = {
				ARCHS = "$(ARCHS_STANDARD_32_64_BIT)";
				GCC_C_LANGUAGE_STANDARD = gnu99;
				GCC_VERSION = com.apple.compilers.llvm.clang.1_0;
				GCC_WARN_64_TO_32_BIT_CONVERSION = YES;
				GCC_WARN_ABOUT_RETURN_TYPE = YES;
				GCC_WARN_UNUSED_VARIABLE = YES;
				MACOSX_DEPLOYMENT_TARGET = 10.6;
				SDKROOT = macosx;
			};
			name = Release;
		};
		C99DAA5D1334346500221DE0 /* Debug */ = {
			isa = XCBuildConfiguration;
			buildSettings = {
				ALWAYS_SEARCH_USER_PATHS = NO;
				COPY_PHASE_STRIP = NO;
				DYLIB_COMPATIBILITY_VERSION = 1;
				DYLIB_CURRENT_VERSION = 1;
				FRAMEWORK_VERSION = A;
				GCC_DYNAMIC_NO_PIC = NO;
				GCC_ENABLE_OBJC_EXCEPTIONS = YES;
				GCC_PRECOMPILE_PREFIX_HEADER = YES;
				GCC_PREFIX_HEADER = "Darkmatter/Darkmatter-Prefix.pch";
				INFOPLIST_FILE = "Darkmatter/Darkmatter-Info.plist";
				INSTALL_PATH = "@rpath";
				LD_RUNPATH_SEARCH_PATHS = "@loader_path/../Frameworks";
				PRODUCT_NAME = "$(TARGET_NAME)";
				WRAPPER_EXTENSION = framework;
			};
			name = Debug;
		};
		C99DAA5E1334346500221DE0 /* Release */ = {
			isa = XCBuildConfiguration;
			buildSettings = {
				ALWAYS_SEARCH_USER_PATHS = NO;
				COPY_PHASE_STRIP = YES;
				DEBUG_INFORMATION_FORMAT = "dwarf-with-dsym";
				DYLIB_COMPATIBILITY_VERSION = 1;
				DYLIB_CURRENT_VERSION = 1;
				FRAMEWORK_VERSION = A;
				GCC_ENABLE_OBJC_EXCEPTIONS = YES;
				GCC_PRECOMPILE_PREFIX_HEADER = YES;
				GCC_PREFIX_HEADER = "Darkmatter/Darkmatter-Prefix.pch";
				INFOPLIST_FILE = "Darkmatter/Darkmatter-Info.plist";
				INSTALL_PATH = "@rpath";
				LD_RUNPATH_SEARCH_PATHS = "@loader_path/../Frameworks";
				PRODUCT_NAME = "$(TARGET_NAME)";
				WRAPPER_EXTENSION = framework;
			};
			name = Release;
		};
		C99DAA791334347900221DE0 /* Debug */ = {
			isa = XCBuildConfiguration;
			buildSettings = {
				ALWAYS_SEARCH_USER_PATHS = NO;
				COPY_PHASE_STRIP = NO;
				GCC_DYNAMIC_NO_PIC = NO;
				GCC_ENABLE_OBJC_EXCEPTIONS = YES;
				GCC_PRECOMPILE_PREFIX_HEADER = YES;
				GCC_PREFIX_HEADER = "DarkmatterDemo/DarkmatterDemo-Prefix.pch";
				INFOPLIST_FILE = "DarkmatterDemo/DarkmatterDemo-Info.plist";
				LD_RUNPATH_SEARCH_PATHS = "@loader_path/../Frameworks";
				PRODUCT_NAME = "$(TARGET_NAME)";
				WRAPPER_EXTENSION = app;
			};
			name = Debug;
		};
		C99DAA7A1334347900221DE0 /* Release */ = {
			isa = XCBuildConfiguration;
			buildSettings = {
				ALWAYS_SEARCH_USER_PATHS = NO;
				COPY_PHASE_STRIP = YES;
				DEBUG_INFORMATION_FORMAT = "dwarf-with-dsym";
				GCC_ENABLE_OBJC_EXCEPTIONS = YES;
				GCC_PRECOMPILE_PREFIX_HEADER = YES;
				GCC_PREFIX_HEADER = "DarkmatterDemo/DarkmatterDemo-Prefix.pch";
				INFOPLIST_FILE = "DarkmatterDemo/DarkmatterDemo-Info.plist";
				LD_RUNPATH_SEARCH_PATHS = "@loader_path/../Frameworks";
				PRODUCT_NAME = "$(TARGET_NAME)";
				WRAPPER_EXTENSION = app;
			};
			name = Release;
		};
/* End XCBuildConfiguration section */

/* Begin XCConfigurationList section */
		C99DAA431334346500221DE0 /* Build configuration list for PBXProject "Darkmatter" */ = {
			isa = XCConfigurationList;
			buildConfigurations = (
				C99DAA5A1334346500221DE0 /* Debug */,
				C99DAA5B1334346500221DE0 /* Release */,
			);
			defaultConfigurationIsVisible = 0;
			defaultConfigurationName = Release;
		};
		C99DAA5C1334346500221DE0 /* Build configuration list for PBXNativeTarget "Darkmatter" */ = {
			isa = XCConfigurationList;
			buildConfigurations = (
				C99DAA5D1334346500221DE0 /* Debug */,
				C99DAA5E1334346500221DE0 /* Release */,
			);
			defaultConfigurationIsVisible = 0;
			defaultConfigurationName = Release;
		};
		C99DAA781334347900221DE0 /* Build configuration list for PBXNativeTarget "DarkmatterDemo" */ = {
			isa = XCConfigurationList;
			buildConfigurations = (
				C99DAA791334347900221DE0 /* Debug */,
				C99DAA7A1334347900221DE0 /* Release */,
			);
			defaultConfigurationIsVisible = 0;
			defaultConfigurationName = Release;
		};
/* End XCConfigurationList section */
	};
	rootObject = C99DAA401334346500221DE0 /* Project object */;
}
