// !$*UTF8*$!
{
	archiveVersion = 1;
	classes = {
	};
	objectVersion = 45;
	objects = {

/* Begin PBXBuildFile section */
		1DDD58160DA1D0A300B32029 /* MainMenu.xib in Resources */ = {isa = PBXBuildFile; fileRef = 1DDD58140DA1D0A300B32029 /* MainMenu.xib */; };
		256AC3DA0F4B6AC300CF3369 /* DarkmatterAppDelegate.m in Sources */ = {isa = PBXBuildFile; fileRef = 256AC3D90F4B6AC300CF3369 /* DarkmatterAppDelegate.m */; };
		8D11072B0486CEB800E47090 /* InfoPlist.strings in Resources */ = {isa = PBXBuildFile; fileRef = 089C165CFE840E0CC02AAC07 /* InfoPlist.strings */; };
		8D11072D0486CEB800E47090 /* main.m in Sources */ = {isa = PBXBuildFile; fileRef = 29B97316FDCFA39411CA2CEA /* main.m */; settings = {ATTRIBUTES = (); }; };
		8D11072F0486CEB800E47090 /* Cocoa.framework in Frameworks */ = {isa = PBXBuildFile; fileRef = 1058C7A1FEA54F0111CA2CBB /* Cocoa.framework */; };
		C9E9A73412C7EEC600635372 /* GameWindow.m in Sources */ = {isa = PBXBuildFile; fileRef = C9E9A73312C7EEC600635372 /* GameWindow.m */; };
		C9E9A74612C7EFAB00635372 /* FullscreenWindow.m in Sources */ = {isa = PBXBuildFile; fileRef = C9E9A74512C7EFAB00635372 /* FullscreenWindow.m */; };
		C9E9A7CE12C80A3A00635372 /* Color3.m in Sources */ = {isa = PBXBuildFile; fileRef = C9E9A7CD12C80A3A00635372 /* Color3.m */; };
		C9E9A7E212C80AB400635372 /* Color4.m in Sources */ = {isa = PBXBuildFile; fileRef = C9E9A7E112C80AB400635372 /* Color4.m */; };
		C9E9A7FE12C80E2600635372 /* Point2.m in Sources */ = {isa = PBXBuildFile; fileRef = C9E9A7FD12C80E2600635372 /* Point2.m */; };
		C9E9A80112C80F8800635372 /* Point3.m in Sources */ = {isa = PBXBuildFile; fileRef = C9E9A80012C80F8800635372 /* Point3.m */; };
		C9E9A80C12C8112500635372 /* Angle3.m in Sources */ = {isa = PBXBuildFile; fileRef = C9E9A80B12C8112500635372 /* Angle3.m */; };
		C9E9A8B812C83D8100635372 /* OpenGLView.m in Sources */ = {isa = PBXBuildFile; fileRef = C9E9A8B712C83D8100635372 /* OpenGLView.m */; };
		C9E9A8D012C842E600635372 /* GameController.m in Sources */ = {isa = PBXBuildFile; fileRef = C9E9A8CF12C842E600635372 /* GameController.m */; };
		C9E9A8DD12C8451100635372 /* CoreVideo.framework in Frameworks */ = {isa = PBXBuildFile; fileRef = C9E9A8DC12C8451100635372 /* CoreVideo.framework */; };
		C9E9A8E412C8452500635372 /* OpenGL.framework in Frameworks */ = {isa = PBXBuildFile; fileRef = C9E9A8E312C8452500635372 /* OpenGL.framework */; };
		C9E9A90E12C84A7600635372 /* InputHandler.m in Sources */ = {isa = PBXBuildFile; fileRef = C9E9A90D12C84A7600635372 /* InputHandler.m */; };
		C9E9A94512C858B400635372 /* Camera.m in Sources */ = {isa = PBXBuildFile; fileRef = C9E9A94412C858B400635372 /* Camera.m */; };
		C9E9A94812C858FE00635372 /* OrthoCamera.m in Sources */ = {isa = PBXBuildFile; fileRef = C9E9A94712C858FE00635372 /* OrthoCamera.m */; };
		C9E9A94D12C85A6A00635372 /* PerspectiveCamera.m in Sources */ = {isa = PBXBuildFile; fileRef = C9E9A94C12C85A6A00635372 /* PerspectiveCamera.m */; };
		C9E9A95512C85B0D00635372 /* GLUT.framework in Frameworks */ = {isa = PBXBuildFile; fileRef = C9E9A95412C85B0D00635372 /* GLUT.framework */; };
		C9E9A96F12C85D2200635372 /* Scene3D.m in Sources */ = {isa = PBXBuildFile; fileRef = C9E9A96E12C85D2200635372 /* Scene3D.m */; };
		C9E9A97412C85DC800635372 /* OpenGL.m in Sources */ = {isa = PBXBuildFile; fileRef = C9E9A97312C85DC800635372 /* OpenGL.m */; };
		C9E9AA8812C86FE900635372 /* MyGameController.m in Sources */ = {isa = PBXBuildFile; fileRef = C9E9AA8512C86FE900635372 /* MyGameController.m */; };
		C9E9AA8912C86FE900635372 /* MyScene.m in Sources */ = {isa = PBXBuildFile; fileRef = C9E9AA8712C86FE900635372 /* MyScene.m */; };
		C9E9AB0212C8745E00635372 /* Scene2D.m in Sources */ = {isa = PBXBuildFile; fileRef = C9E9AB0112C8745E00635372 /* Scene2D.m */; };
		C9E9AB4012C87CC400635372 /* MyMenu.m in Sources */ = {isa = PBXBuildFile; fileRef = C9E9AB3F12C87CC400635372 /* MyMenu.m */; };
/* End PBXBuildFile section */

/* Begin PBXFileReference section */
		089C165DFE840E0CC02AAC07 /* English */ = {isa = PBXFileReference; fileEncoding = 4; lastKnownFileType = text.plist.strings; name = English; path = English.lproj/InfoPlist.strings; sourceTree = "<group>"; };
		1058C7A1FEA54F0111CA2CBB /* Cocoa.framework */ = {isa = PBXFileReference; lastKnownFileType = wrapper.framework; name = Cocoa.framework; path = /System/Library/Frameworks/Cocoa.framework; sourceTree = "<absolute>"; };
		13E42FB307B3F0F600E4EEF1 /* CoreData.framework */ = {isa = PBXFileReference; lastKnownFileType = wrapper.framework; name = CoreData.framework; path = /System/Library/Frameworks/CoreData.framework; sourceTree = "<absolute>"; };
		1DDD58150DA1D0A300B32029 /* English */ = {isa = PBXFileReference; lastKnownFileType = file.xib; name = English; path = English.lproj/MainMenu.xib; sourceTree = "<group>"; };
		256AC3D80F4B6AC300CF3369 /* DarkmatterAppDelegate.h */ = {isa = PBXFileReference; fileEncoding = 4; lastKnownFileType = sourcecode.c.h; path = DarkmatterAppDelegate.h; sourceTree = "<group>"; };
		256AC3D90F4B6AC300CF3369 /* DarkmatterAppDelegate.m */ = {isa = PBXFileReference; fileEncoding = 4; lastKnownFileType = sourcecode.c.objc; path = DarkmatterAppDelegate.m; sourceTree = "<group>"; };
		256AC3F00F4B6AF500CF3369 /* Darkmatter_Prefix.pch */ = {isa = PBXFileReference; fileEncoding = 4; lastKnownFileType = sourcecode.c.h; path = Darkmatter_Prefix.pch; sourceTree = "<group>"; };
		29B97316FDCFA39411CA2CEA /* main.m */ = {isa = PBXFileReference; fileEncoding = 4; lastKnownFileType = sourcecode.c.objc; path = main.m; sourceTree = "<group>"; };
		29B97324FDCFA39411CA2CEA /* AppKit.framework */ = {isa = PBXFileReference; lastKnownFileType = wrapper.framework; name = AppKit.framework; path = /System/Library/Frameworks/AppKit.framework; sourceTree = "<absolute>"; };
		29B97325FDCFA39411CA2CEA /* Foundation.framework */ = {isa = PBXFileReference; lastKnownFileType = wrapper.framework; name = Foundation.framework; path = /System/Library/Frameworks/Foundation.framework; sourceTree = "<absolute>"; };
		8D1107310486CEB800E47090 /* Darkmatter-Info.plist */ = {isa = PBXFileReference; fileEncoding = 4; lastKnownFileType = text.plist.xml; path = "Darkmatter-Info.plist"; sourceTree = "<group>"; };
		8D1107320486CEB800E47090 /* Darkmatter.app */ = {isa = PBXFileReference; explicitFileType = wrapper.application; includeInIndex = 0; path = Darkmatter.app; sourceTree = BUILT_PRODUCTS_DIR; };
		C9E9A73212C7EEC600635372 /* GameWindow.h */ = {isa = PBXFileReference; fileEncoding = 4; lastKnownFileType = sourcecode.c.h; path = GameWindow.h; sourceTree = "<group>"; };
		C9E9A73312C7EEC600635372 /* GameWindow.m */ = {isa = PBXFileReference; fileEncoding = 4; lastKnownFileType = sourcecode.c.objc; path = GameWindow.m; sourceTree = "<group>"; };
		C9E9A74412C7EFAB00635372 /* FullscreenWindow.h */ = {isa = PBXFileReference; fileEncoding = 4; lastKnownFileType = sourcecode.c.h; path = FullscreenWindow.h; sourceTree = "<group>"; };
		C9E9A74512C7EFAB00635372 /* FullscreenWindow.m */ = {isa = PBXFileReference; fileEncoding = 4; lastKnownFileType = sourcecode.c.objc; path = FullscreenWindow.m; sourceTree = "<group>"; };
		C9E9A7CA12C80A1C00635372 /* DataTypes.h */ = {isa = PBXFileReference; fileEncoding = 4; lastKnownFileType = sourcecode.c.h; path = DataTypes.h; sourceTree = "<group>"; };
		C9E9A7CC12C80A3A00635372 /* Color3.h */ = {isa = PBXFileReference; fileEncoding = 4; lastKnownFileType = sourcecode.c.h; path = Color3.h; sourceTree = "<group>"; };
		C9E9A7CD12C80A3A00635372 /* Color3.m */ = {isa = PBXFileReference; fileEncoding = 4; lastKnownFileType = sourcecode.c.objc; path = Color3.m; sourceTree = "<group>"; };
		C9E9A7E012C80AB400635372 /* Color4.h */ = {isa = PBXFileReference; fileEncoding = 4; lastKnownFileType = sourcecode.c.h; path = Color4.h; sourceTree = "<group>"; };
		C9E9A7E112C80AB400635372 /* Color4.m */ = {isa = PBXFileReference; fileEncoding = 4; lastKnownFileType = sourcecode.c.objc; path = Color4.m; sourceTree = "<group>"; };
		C9E9A7FC12C80E2600635372 /* Point2.h */ = {isa = PBXFileReference; fileEncoding = 4; lastKnownFileType = sourcecode.c.h; path = Point2.h; sourceTree = "<group>"; };
		C9E9A7FD12C80E2600635372 /* Point2.m */ = {isa = PBXFileReference; fileEncoding = 4; lastKnownFileType = sourcecode.c.objc; path = Point2.m; sourceTree = "<group>"; };
		C9E9A7FF12C80F8800635372 /* Point3.h */ = {isa = PBXFileReference; fileEncoding = 4; lastKnownFileType = sourcecode.c.h; path = Point3.h; sourceTree = "<group>"; };
		C9E9A80012C80F8800635372 /* Point3.m */ = {isa = PBXFileReference; fileEncoding = 4; lastKnownFileType = sourcecode.c.objc; path = Point3.m; sourceTree = "<group>"; };
		C9E9A80A12C8112500635372 /* Angle3.h */ = {isa = PBXFileReference; fileEncoding = 4; lastKnownFileType = sourcecode.c.h; path = Angle3.h; sourceTree = "<group>"; };
		C9E9A80B12C8112500635372 /* Angle3.m */ = {isa = PBXFileReference; fileEncoding = 4; lastKnownFileType = sourcecode.c.objc; path = Angle3.m; sourceTree = "<group>"; };
		C9E9A8B612C83D8100635372 /* OpenGLView.h */ = {isa = PBXFileReference; fileEncoding = 4; lastKnownFileType = sourcecode.c.h; path = OpenGLView.h; sourceTree = "<group>"; };
		C9E9A8B712C83D8100635372 /* OpenGLView.m */ = {isa = PBXFileReference; fileEncoding = 4; lastKnownFileType = sourcecode.c.objc; path = OpenGLView.m; sourceTree = "<group>"; };
		C9E9A8CE12C842E600635372 /* GameController.h */ = {isa = PBXFileReference; fileEncoding = 4; lastKnownFileType = sourcecode.c.h; path = GameController.h; sourceTree = "<group>"; };
		C9E9A8CF12C842E600635372 /* GameController.m */ = {isa = PBXFileReference; fileEncoding = 4; lastKnownFileType = sourcecode.c.objc; path = GameController.m; sourceTree = "<group>"; };
		C9E9A8DC12C8451100635372 /* CoreVideo.framework */ = {isa = PBXFileReference; lastKnownFileType = wrapper.framework; name = CoreVideo.framework; path = System/Library/Frameworks/CoreVideo.framework; sourceTree = SDKROOT; };
		C9E9A8E312C8452500635372 /* OpenGL.framework */ = {isa = PBXFileReference; lastKnownFileType = wrapper.framework; name = OpenGL.framework; path = System/Library/Frameworks/OpenGL.framework; sourceTree = SDKROOT; };
		C9E9A90C12C84A7600635372 /* InputHandler.h */ = {isa = PBXFileReference; fileEncoding = 4; lastKnownFileType = sourcecode.c.h; path = InputHandler.h; sourceTree = "<group>"; };
		C9E9A90D12C84A7600635372 /* InputHandler.m */ = {isa = PBXFileReference; fileEncoding = 4; lastKnownFileType = sourcecode.c.objc; path = InputHandler.m; sourceTree = "<group>"; };
		C9E9A94312C858B400635372 /* Camera.h */ = {isa = PBXFileReference; fileEncoding = 4; lastKnownFileType = sourcecode.c.h; path = Camera.h; sourceTree = "<group>"; };
		C9E9A94412C858B400635372 /* Camera.m */ = {isa = PBXFileReference; fileEncoding = 4; lastKnownFileType = sourcecode.c.objc; path = Camera.m; sourceTree = "<group>"; };
		C9E9A94612C858FE00635372 /* OrthoCamera.h */ = {isa = PBXFileReference; fileEncoding = 4; lastKnownFileType = sourcecode.c.h; path = OrthoCamera.h; sourceTree = "<group>"; };
		C9E9A94712C858FE00635372 /* OrthoCamera.m */ = {isa = PBXFileReference; fileEncoding = 4; lastKnownFileType = sourcecode.c.objc; path = OrthoCamera.m; sourceTree = "<group>"; };
		C9E9A94B12C85A6A00635372 /* PerspectiveCamera.h */ = {isa = PBXFileReference; fileEncoding = 4; lastKnownFileType = sourcecode.c.h; path = PerspectiveCamera.h; sourceTree = "<group>"; };
		C9E9A94C12C85A6A00635372 /* PerspectiveCamera.m */ = {isa = PBXFileReference; fileEncoding = 4; lastKnownFileType = sourcecode.c.objc; path = PerspectiveCamera.m; sourceTree = "<group>"; };
		C9E9A95412C85B0D00635372 /* GLUT.framework */ = {isa = PBXFileReference; lastKnownFileType = wrapper.framework; name = GLUT.framework; path = System/Library/Frameworks/GLUT.framework; sourceTree = SDKROOT; };
		C9E9A96D12C85D2200635372 /* Scene3D.h */ = {isa = PBXFileReference; fileEncoding = 4; lastKnownFileType = sourcecode.c.h; path = Scene3D.h; sourceTree = "<group>"; };
		C9E9A96E12C85D2200635372 /* Scene3D.m */ = {isa = PBXFileReference; fileEncoding = 4; lastKnownFileType = sourcecode.c.objc; path = Scene3D.m; sourceTree = "<group>"; };
		C9E9A97212C85DC800635372 /* OpenGL.h */ = {isa = PBXFileReference; fileEncoding = 4; lastKnownFileType = sourcecode.c.h; path = OpenGL.h; sourceTree = "<group>"; };
		C9E9A97312C85DC800635372 /* OpenGL.m */ = {isa = PBXFileReference; fileEncoding = 4; lastKnownFileType = sourcecode.c.objc; path = OpenGL.m; sourceTree = "<group>"; };
		C9E9AA8412C86FE900635372 /* MyGameController.h */ = {isa = PBXFileReference; fileEncoding = 4; lastKnownFileType = sourcecode.c.h; path = MyGameController.h; sourceTree = "<group>"; };
		C9E9AA8512C86FE900635372 /* MyGameController.m */ = {isa = PBXFileReference; fileEncoding = 4; lastKnownFileType = sourcecode.c.objc; path = MyGameController.m; sourceTree = "<group>"; };
		C9E9AA8612C86FE900635372 /* MyScene.h */ = {isa = PBXFileReference; fileEncoding = 4; lastKnownFileType = sourcecode.c.h; path = MyScene.h; sourceTree = "<group>"; };
		C9E9AA8712C86FE900635372 /* MyScene.m */ = {isa = PBXFileReference; fileEncoding = 4; lastKnownFileType = sourcecode.c.objc; path = MyScene.m; sourceTree = "<group>"; };
		C9E9AB0012C8745E00635372 /* Scene2D.h */ = {isa = PBXFileReference; fileEncoding = 4; lastKnownFileType = sourcecode.c.h; path = Scene2D.h; sourceTree = "<group>"; };
		C9E9AB0112C8745E00635372 /* Scene2D.m */ = {isa = PBXFileReference; fileEncoding = 4; lastKnownFileType = sourcecode.c.objc; path = Scene2D.m; sourceTree = "<group>"; };
		C9E9AB3E12C87CC400635372 /* MyMenu.h */ = {isa = PBXFileReference; fileEncoding = 4; lastKnownFileType = sourcecode.c.h; path = MyMenu.h; sourceTree = "<group>"; };
		C9E9AB3F12C87CC400635372 /* MyMenu.m */ = {isa = PBXFileReference; fileEncoding = 4; lastKnownFileType = sourcecode.c.objc; path = MyMenu.m; sourceTree = "<group>"; };
/* End PBXFileReference section */

/* Begin PBXFrameworksBuildPhase section */
		8D11072E0486CEB800E47090 /* Frameworks */ = {
			isa = PBXFrameworksBuildPhase;
			buildActionMask = 2147483647;
			files = (
				8D11072F0486CEB800E47090 /* Cocoa.framework in Frameworks */,
				C9E9A8DD12C8451100635372 /* CoreVideo.framework in Frameworks */,
				C9E9A8E412C8452500635372 /* OpenGL.framework in Frameworks */,
				C9E9A95512C85B0D00635372 /* GLUT.framework in Frameworks */,
			);
			runOnlyForDeploymentPostprocessing = 0;
		};
/* End PBXFrameworksBuildPhase section */

/* Begin PBXGroup section */
		080E96DDFE201D6D7F000001 /* Classes */ = {
			isa = PBXGroup;
			children = (
				256AC3D80F4B6AC300CF3369 /* DarkmatterAppDelegate.h */,
				256AC3D90F4B6AC300CF3369 /* DarkmatterAppDelegate.m */,
				C9E9A8B912C83E0700635372 /* Engine */,
				C9E9A8B512C83D6900635372 /* OpenGL */,
				C9E9A7C912C809F800635372 /* DataTypes */,
				C9E9A73112C7EEB100635372 /* Window */,
				C9E9AA8312C86FE900635372 /* MyGame */,
			);
			name = Classes;
			sourceTree = "<group>";
		};
		1058C7A0FEA54F0111CA2CBB /* Linked Frameworks */ = {
			isa = PBXGroup;
			children = (
				1058C7A1FEA54F0111CA2CBB /* Cocoa.framework */,
			);
			name = "Linked Frameworks";
			sourceTree = "<group>";
		};
		1058C7A2FEA54F0111CA2CBB /* Other Frameworks */ = {
			isa = PBXGroup;
			children = (
				29B97324FDCFA39411CA2CEA /* AppKit.framework */,
				13E42FB307B3F0F600E4EEF1 /* CoreData.framework */,
				29B97325FDCFA39411CA2CEA /* Foundation.framework */,
			);
			name = "Other Frameworks";
			sourceTree = "<group>";
		};
		19C28FACFE9D520D11CA2CBB /* Products */ = {
			isa = PBXGroup;
			children = (
				8D1107320486CEB800E47090 /* Darkmatter.app */,
			);
			name = Products;
			sourceTree = "<group>";
		};
		29B97314FDCFA39411CA2CEA /* Darkmatter */ = {
			isa = PBXGroup;
			children = (
				080E96DDFE201D6D7F000001 /* Classes */,
				29B97315FDCFA39411CA2CEA /* Other Sources */,
				29B97317FDCFA39411CA2CEA /* Resources */,
				29B97323FDCFA39411CA2CEA /* Frameworks */,
				19C28FACFE9D520D11CA2CBB /* Products */,
			);
			name = Darkmatter;
			sourceTree = "<group>";
		};
		29B97315FDCFA39411CA2CEA /* Other Sources */ = {
			isa = PBXGroup;
			children = (
				256AC3F00F4B6AF500CF3369 /* Darkmatter_Prefix.pch */,
				29B97316FDCFA39411CA2CEA /* main.m */,
			);
			name = "Other Sources";
			sourceTree = "<group>";
		};
		29B97317FDCFA39411CA2CEA /* Resources */ = {
			isa = PBXGroup;
			children = (
				8D1107310486CEB800E47090 /* Darkmatter-Info.plist */,
				089C165CFE840E0CC02AAC07 /* InfoPlist.strings */,
				1DDD58140DA1D0A300B32029 /* MainMenu.xib */,
			);
			name = Resources;
			sourceTree = "<group>";
		};
		29B97323FDCFA39411CA2CEA /* Frameworks */ = {
			isa = PBXGroup;
			children = (
				1058C7A0FEA54F0111CA2CBB /* Linked Frameworks */,
				1058C7A2FEA54F0111CA2CBB /* Other Frameworks */,
				C9E9A8DC12C8451100635372 /* CoreVideo.framework */,
				C9E9A8E312C8452500635372 /* OpenGL.framework */,
				C9E9A95412C85B0D00635372 /* GLUT.framework */,
			);
			name = Frameworks;
			sourceTree = "<group>";
		};
		C9E9A73112C7EEB100635372 /* Window */ = {
			isa = PBXGroup;
			children = (
				C9E9A73212C7EEC600635372 /* GameWindow.h */,
				C9E9A73312C7EEC600635372 /* GameWindow.m */,
				C9E9A74412C7EFAB00635372 /* FullscreenWindow.h */,
				C9E9A74512C7EFAB00635372 /* FullscreenWindow.m */,
			);
			path = Window;
			sourceTree = "<group>";
		};
		C9E9A7C912C809F800635372 /* DataTypes */ = {
			isa = PBXGroup;
			children = (
				C9E9A7CA12C80A1C00635372 /* DataTypes.h */,
				C9E9A7FB12C80E0F00635372 /* Points */,
				C9E9A7CB12C80A2B00635372 /* Color */,
				C9E9A80A12C8112500635372 /* Angle3.h */,
				C9E9A80B12C8112500635372 /* Angle3.m */,
			);
			path = DataTypes;
			sourceTree = "<group>";
		};
		C9E9A7CB12C80A2B00635372 /* Color */ = {
			isa = PBXGroup;
			children = (
				C9E9A7CC12C80A3A00635372 /* Color3.h */,
				C9E9A7CD12C80A3A00635372 /* Color3.m */,
				C9E9A7E012C80AB400635372 /* Color4.h */,
				C9E9A7E112C80AB400635372 /* Color4.m */,
			);
			name = Color;
			sourceTree = "<group>";
		};
		C9E9A7FB12C80E0F00635372 /* Points */ = {
			isa = PBXGroup;
			children = (
				C9E9A7FC12C80E2600635372 /* Point2.h */,
				C9E9A7FD12C80E2600635372 /* Point2.m */,
				C9E9A7FF12C80F8800635372 /* Point3.h */,
				C9E9A80012C80F8800635372 /* Point3.m */,
			);
			name = Points;
			sourceTree = "<group>";
		};
		C9E9A8B512C83D6900635372 /* OpenGL */ = {
			isa = PBXGroup;
			children = (
				C9E9A8B612C83D8100635372 /* OpenGLView.h */,
				C9E9A8B712C83D8100635372 /* OpenGLView.m */,
				C9E9A97212C85DC800635372 /* OpenGL.h */,
				C9E9A97312C85DC800635372 /* OpenGL.m */,
			);
			path = OpenGL;
			sourceTree = "<group>";
		};
		C9E9A8B912C83E0700635372 /* Engine */ = {
			isa = PBXGroup;
			children = (
				C9E9A8CE12C842E600635372 /* GameController.h */,
				C9E9A8CF12C842E600635372 /* GameController.m */,
				C9E9A90C12C84A7600635372 /* InputHandler.h */,
				C9E9A90D12C84A7600635372 /* InputHandler.m */,
				C9E9A94212C858A800635372 /* Cameras */,
				C9E9A94112C8589300635372 /* Scenes */,
			);
			path = Engine;
			sourceTree = "<group>";
		};
		C9E9A94112C8589300635372 /* Scenes */ = {
			isa = PBXGroup;
			children = (
				C9E9A96D12C85D2200635372 /* Scene3D.h */,
				C9E9A96E12C85D2200635372 /* Scene3D.m */,
				C9E9AB0012C8745E00635372 /* Scene2D.h */,
				C9E9AB0112C8745E00635372 /* Scene2D.m */,
			);
			name = Scenes;
			sourceTree = "<group>";
		};
		C9E9A94212C858A800635372 /* Cameras */ = {
			isa = PBXGroup;
			children = (
				C9E9A94312C858B400635372 /* Camera.h */,
				C9E9A94412C858B400635372 /* Camera.m */,
				C9E9A94612C858FE00635372 /* OrthoCamera.h */,
				C9E9A94712C858FE00635372 /* OrthoCamera.m */,
				C9E9A94B12C85A6A00635372 /* PerspectiveCamera.h */,
				C9E9A94C12C85A6A00635372 /* PerspectiveCamera.m */,
			);
			name = Cameras;
			sourceTree = "<group>";
		};
		C9E9AA8312C86FE900635372 /* MyGame */ = {
			isa = PBXGroup;
			children = (
				C9E9AA8412C86FE900635372 /* MyGameController.h */,
				C9E9AA8512C86FE900635372 /* MyGameController.m */,
				C9E9AA8612C86FE900635372 /* MyScene.h */,
				C9E9AA8712C86FE900635372 /* MyScene.m */,
				C9E9AB3E12C87CC400635372 /* MyMenu.h */,
				C9E9AB3F12C87CC400635372 /* MyMenu.m */,
			);
			path = MyGame;
			sourceTree = "<group>";
		};
/* End PBXGroup section */

/* Begin PBXNativeTarget section */
		8D1107260486CEB800E47090 /* Darkmatter */ = {
			isa = PBXNativeTarget;
			buildConfigurationList = C01FCF4A08A954540054247B /* Build configuration list for PBXNativeTarget "Darkmatter" */;
			buildPhases = (
				8D1107290486CEB800E47090 /* Resources */,
				8D11072C0486CEB800E47090 /* Sources */,
				8D11072E0486CEB800E47090 /* Frameworks */,
			);
			buildRules = (
			);
			dependencies = (
			);
			name = Darkmatter;
			productInstallPath = "$(HOME)/Applications";
			productName = Darkmatter;
			productReference = 8D1107320486CEB800E47090 /* Darkmatter.app */;
			productType = "com.apple.product-type.application";
		};
/* End PBXNativeTarget section */

/* Begin PBXProject section */
		29B97313FDCFA39411CA2CEA /* Project object */ = {
			isa = PBXProject;
			buildConfigurationList = C01FCF4E08A954540054247B /* Build configuration list for PBXProject "Darkmatter" */;
			compatibilityVersion = "Xcode 3.1";
			hasScannedForEncodings = 1;
			mainGroup = 29B97314FDCFA39411CA2CEA /* Darkmatter */;
			projectDirPath = "";
			projectRoot = "";
			targets = (
				8D1107260486CEB800E47090 /* Darkmatter */,
			);
		};
/* End PBXProject section */

/* Begin PBXResourcesBuildPhase section */
		8D1107290486CEB800E47090 /* Resources */ = {
			isa = PBXResourcesBuildPhase;
			buildActionMask = 2147483647;
			files = (
				8D11072B0486CEB800E47090 /* InfoPlist.strings in Resources */,
				1DDD58160DA1D0A300B32029 /* MainMenu.xib in Resources */,
			);
			runOnlyForDeploymentPostprocessing = 0;
		};
/* End PBXResourcesBuildPhase section */

/* Begin PBXSourcesBuildPhase section */
		8D11072C0486CEB800E47090 /* Sources */ = {
			isa = PBXSourcesBuildPhase;
			buildActionMask = 2147483647;
			files = (
				8D11072D0486CEB800E47090 /* main.m in Sources */,
				256AC3DA0F4B6AC300CF3369 /* DarkmatterAppDelegate.m in Sources */,
				C9E9A73412C7EEC600635372 /* GameWindow.m in Sources */,
				C9E9A74612C7EFAB00635372 /* FullscreenWindow.m in Sources */,
				C9E9A7CE12C80A3A00635372 /* Color3.m in Sources */,
				C9E9A7E212C80AB400635372 /* Color4.m in Sources */,
				C9E9A7FE12C80E2600635372 /* Point2.m in Sources */,
				C9E9A80112C80F8800635372 /* Point3.m in Sources */,
				C9E9A80C12C8112500635372 /* Angle3.m in Sources */,
				C9E9A8B812C83D8100635372 /* OpenGLView.m in Sources */,
				C9E9A8D012C842E600635372 /* GameController.m in Sources */,
				C9E9A90E12C84A7600635372 /* InputHandler.m in Sources */,
				C9E9A94512C858B400635372 /* Camera.m in Sources */,
				C9E9A94812C858FE00635372 /* OrthoCamera.m in Sources */,
				C9E9A94D12C85A6A00635372 /* PerspectiveCamera.m in Sources */,
				C9E9A96F12C85D2200635372 /* Scene3D.m in Sources */,
				C9E9A97412C85DC800635372 /* OpenGL.m in Sources */,
				C9E9AA8812C86FE900635372 /* MyGameController.m in Sources */,
				C9E9AA8912C86FE900635372 /* MyScene.m in Sources */,
				C9E9AB0212C8745E00635372 /* Scene2D.m in Sources */,
				C9E9AB4012C87CC400635372 /* MyMenu.m in Sources */,
			);
			runOnlyForDeploymentPostprocessing = 0;
		};
/* End PBXSourcesBuildPhase section */

/* Begin PBXVariantGroup section */
		089C165CFE840E0CC02AAC07 /* InfoPlist.strings */ = {
			isa = PBXVariantGroup;
			children = (
				089C165DFE840E0CC02AAC07 /* English */,
			);
			name = InfoPlist.strings;
			sourceTree = "<group>";
		};
		1DDD58140DA1D0A300B32029 /* MainMenu.xib */ = {
			isa = PBXVariantGroup;
			children = (
				1DDD58150DA1D0A300B32029 /* English */,
			);
			name = MainMenu.xib;
			sourceTree = "<group>";
		};
/* End PBXVariantGroup section */

/* Begin XCBuildConfiguration section */
		C01FCF4B08A954540054247B /* Debug */ = {
			isa = XCBuildConfiguration;
			buildSettings = {
				ALWAYS_SEARCH_USER_PATHS = NO;
				COPY_PHASE_STRIP = NO;
				GCC_DYNAMIC_NO_PIC = NO;
				GCC_ENABLE_FIX_AND_CONTINUE = YES;
				GCC_MODEL_TUNING = G5;
				GCC_OPTIMIZATION_LEVEL = 0;
				GCC_PRECOMPILE_PREFIX_HEADER = YES;
				GCC_PREFIX_HEADER = Darkmatter_Prefix.pch;
				INFOPLIST_FILE = "Darkmatter-Info.plist";
				INSTALL_PATH = "$(HOME)/Applications";
				PRODUCT_NAME = Darkmatter;
			};
			name = Debug;
		};
		C01FCF4C08A954540054247B /* Release */ = {
			isa = XCBuildConfiguration;
			buildSettings = {
				ALWAYS_SEARCH_USER_PATHS = NO;
				DEBUG_INFORMATION_FORMAT = "dwarf-with-dsym";
				GCC_MODEL_TUNING = G5;
				GCC_PRECOMPILE_PREFIX_HEADER = YES;
				GCC_PREFIX_HEADER = Darkmatter_Prefix.pch;
				INFOPLIST_FILE = "Darkmatter-Info.plist";
				INSTALL_PATH = "$(HOME)/Applications";
				PRODUCT_NAME = Darkmatter;
			};
			name = Release;
		};
		C01FCF4F08A954540054247B /* Debug */ = {
			isa = XCBuildConfiguration;
			buildSettings = {
				ARCHS = "$(ARCHS_STANDARD_32_64_BIT)";
				GCC_C_LANGUAGE_STANDARD = gnu99;
				GCC_OPTIMIZATION_LEVEL = 0;
				GCC_WARN_ABOUT_RETURN_TYPE = YES;
				GCC_WARN_UNUSED_VARIABLE = YES;
				ONLY_ACTIVE_ARCH = YES;
				PREBINDING = NO;
				SDKROOT = macosx10.6;
			};
			name = Debug;
		};
		C01FCF5008A954540054247B /* Release */ = {
			isa = XCBuildConfiguration;
			buildSettings = {
				ARCHS = "$(ARCHS_STANDARD_32_64_BIT)";
				GCC_C_LANGUAGE_STANDARD = gnu99;
				GCC_WARN_ABOUT_RETURN_TYPE = YES;
				GCC_WARN_UNUSED_VARIABLE = YES;
				PREBINDING = NO;
				SDKROOT = macosx10.6;
			};
			name = Release;
		};
/* End XCBuildConfiguration section */

/* Begin XCConfigurationList section */
		C01FCF4A08A954540054247B /* Build configuration list for PBXNativeTarget "Darkmatter" */ = {
			isa = XCConfigurationList;
			buildConfigurations = (
				C01FCF4B08A954540054247B /* Debug */,
				C01FCF4C08A954540054247B /* Release */,
			);
			defaultConfigurationIsVisible = 0;
			defaultConfigurationName = Release;
		};
		C01FCF4E08A954540054247B /* Build configuration list for PBXProject "Darkmatter" */ = {
			isa = XCConfigurationList;
			buildConfigurations = (
				C01FCF4F08A954540054247B /* Debug */,
				C01FCF5008A954540054247B /* Release */,
			);
			defaultConfigurationIsVisible = 0;
			defaultConfigurationName = Release;
		};
/* End XCConfigurationList section */
	};
	rootObject = 29B97313FDCFA39411CA2CEA /* Project object */;
}
